// !$*UTF8*$!
{
	archiveVersion = 1;
	classes = {
	};
	objectVersion = 46;
	objects = {

/* Begin PBXBuildFile section */
		100A99DC187CE81B006487D8 /* JD_DataManager.m in Sources */ = {isa = PBXBuildFile; fileRef = 100A99DB187CE81B006487D8 /* JD_DataManager.m */; };
		100A99E6187CEBEB006487D8 /* JD_Goods.m in Sources */ = {isa = PBXBuildFile; fileRef = 100A99E4187CEBEB006487D8 /* JD_Goods.m */; };
		100A99E7187CEBEB006487D8 /* JD_Goods.xib in Resources */ = {isa = PBXBuildFile; fileRef = 100A99E5187CEBEB006487D8 /* JD_Goods.xib */; };
		100A99ED187CEC91006487D8 /* JD_Goods_Info.m in Sources */ = {isa = PBXBuildFile; fileRef = 100A99EB187CEC91006487D8 /* JD_Goods_Info.m */; };
		100A99EE187CEC91006487D8 /* JD_Goods_Info.xib in Resources */ = {isa = PBXBuildFile; fileRef = 100A99EC187CEC91006487D8 /* JD_Goods_Info.xib */; };
		100A99F2187CECB1006487D8 /* JD_Goods_Evaluate.m in Sources */ = {isa = PBXBuildFile; fileRef = 100A99F0187CECB1006487D8 /* JD_Goods_Evaluate.m */; };
		100A99F3187CECB1006487D8 /* JD_Goods_Evaluate.xib in Resources */ = {isa = PBXBuildFile; fileRef = 100A99F1187CECB1006487D8 /* JD_Goods_Evaluate.xib */; };
		100A99F9187D2301006487D8 /* car.png in Resources */ = {isa = PBXBuildFile; fileRef = 100A99F7187D2300006487D8 /* car.png */; };
		100A99FB187D247B006487D8 /* back.png in Resources */ = {isa = PBXBuildFile; fileRef = 100A99FA187D247A006487D8 /* back.png */; };
		100A9A25187D3B63006487D8 /* libxml2.dylib in Frameworks */ = {isa = PBXBuildFile; fileRef = 100A9A24187D3B62006487D8 /* libxml2.dylib */; };
		100A9A27187D3B6B006487D8 /* libz.1.2.5.dylib in Frameworks */ = {isa = PBXBuildFile; fileRef = 100A9A26187D3B6B006487D8 /* libz.1.2.5.dylib */; };
		100A9A29187D3B70006487D8 /* MobileCoreServices.framework in Frameworks */ = {isa = PBXBuildFile; fileRef = 100A9A28187D3B70006487D8 /* MobileCoreServices.framework */; };
		100A9A2B187D3B78006487D8 /* SystemConfiguration.framework in Frameworks */ = {isa = PBXBuildFile; fileRef = 100A9A2A187D3B78006487D8 /* SystemConfiguration.framework */; };
		100A9A2D187D3B7E006487D8 /* CFNetwork.framework in Frameworks */ = {isa = PBXBuildFile; fileRef = 100A9A2C187D3B7E006487D8 /* CFNetwork.framework */; };
		1017DA021886246E00AA9CB1 /* star_light.png in Resources */ = {isa = PBXBuildFile; fileRef = 1017D9FE1886246D00AA9CB1 /* star_light.png */; };
		1017DA031886246E00AA9CB1 /* star_light@2x.png in Resources */ = {isa = PBXBuildFile; fileRef = 1017D9FF1886246D00AA9CB1 /* star_light@2x.png */; };
		1017DA041886246E00AA9CB1 /* star_dark.png in Resources */ = {isa = PBXBuildFile; fileRef = 1017DA001886246D00AA9CB1 /* star_dark.png */; };
		1017DA051886246E00AA9CB1 /* star_dark@2x.png in Resources */ = {isa = PBXBuildFile; fileRef = 1017DA011886246E00AA9CB1 /* star_dark@2x.png */; };
		1017DA08188624AF00AA9CB1 /* StarView.m in Sources */ = {isa = PBXBuildFile; fileRef = 1017DA07188624AF00AA9CB1 /* StarView.m */; };
		1017DA0B188624C000AA9CB1 /* CustomView.m in Sources */ = {isa = PBXBuildFile; fileRef = 1017DA0A188624C000AA9CB1 /* CustomView.m */; };
		101B188F1883E89C00D47DF8 /* rect_check1@2x.png in Resources */ = {isa = PBXBuildFile; fileRef = 101B188B1883E89C00D47DF8 /* rect_check1@2x.png */; };
		101B18901883E89C00D47DF8 /* rect_check2@2x.png in Resources */ = {isa = PBXBuildFile; fileRef = 101B188C1883E89C00D47DF8 /* rect_check2@2x.png */; };
		101B18911883E89C00D47DF8 /* round_check1@2x.png in Resources */ = {isa = PBXBuildFile; fileRef = 101B188D1883E89C00D47DF8 /* round_check1@2x.png */; };
		101B18921883E89C00D47DF8 /* round_check2@2x.png in Resources */ = {isa = PBXBuildFile; fileRef = 101B188E1883E89C00D47DF8 /* round_check2@2x.png */; };
		1026237B187E710B00116DB2 /* into.png in Resources */ = {isa = PBXBuildFile; fileRef = 1026237A187E710B00116DB2 /* into.png */; };
		104140A2188CA7D1005B3BFB /* select.png in Resources */ = {isa = PBXBuildFile; fileRef = 104140A1188CA7D1005B3BFB /* select.png */; };
		104140A5188CC1B3005B3BFB /* delete.png in Resources */ = {isa = PBXBuildFile; fileRef = 104140A3188CC1B3005B3BFB /* delete.png */; };
		104140A6188CC1B3005B3BFB /* more.png in Resources */ = {isa = PBXBuildFile; fileRef = 104140A4188CC1B3005B3BFB /* more.png */; };
		104140AC188CEB50005B3BFB /* 55.png in Resources */ = {isa = PBXBuildFile; fileRef = 104140A7188CEB50005B3BFB /* 55.png */; };
		104140AD188CEB50005B3BFB /* 44.png in Resources */ = {isa = PBXBuildFile; fileRef = 104140A8188CEB50005B3BFB /* 44.png */; };
		104140AE188CEB50005B3BFB /* 33.png in Resources */ = {isa = PBXBuildFile; fileRef = 104140A9188CEB50005B3BFB /* 33.png */; };
		104140AF188CEB50005B3BFB /* 22.png in Resources */ = {isa = PBXBuildFile; fileRef = 104140AA188CEB50005B3BFB /* 22.png */; };
		104140B0188CEB50005B3BFB /* 11.png in Resources */ = {isa = PBXBuildFile; fileRef = 104140AB188CEB50005B3BFB /* 11.png */; };
		104140B3188CED3E005B3BFB /* welcom.png in Resources */ = {isa = PBXBuildFile; fileRef = 104140B1188CED3E005B3BFB /* welcom.png */; };
		104140B4188CED3E005B3BFB /* welcom@2x.png in Resources */ = {isa = PBXBuildFile; fileRef = 104140B2188CED3E005B3BFB /* welcom@2x.png */; };
		104140B8188CF332005B3BFB /* logo.jpg in Resources */ = {isa = PBXBuildFile; fileRef = 104140B7188CF332005B3BFB /* logo.jpg */; };
		10432360187FD55A0095C3FD /* white.png in Resources */ = {isa = PBXBuildFile; fileRef = 1043235E187FD55A0095C3FD /* white.png */; };
		104F9482188E4E66007C021D /* AddressInfoViewController.m in Sources */ = {isa = PBXBuildFile; fileRef = 104F9480188E4E66007C021D /* AddressInfoViewController.m */; };
		104F9483188E4E66007C021D /* AddressInfoViewController.xib in Resources */ = {isa = PBXBuildFile; fileRef = 104F9481188E4E66007C021D /* AddressInfoViewController.xib */; };
		1065D8D4187E30F40068D9B7 /* ASIAuthenticationDialog.m in Sources */ = {isa = PBXBuildFile; fileRef = 1065D8BB187E30F40068D9B7 /* ASIAuthenticationDialog.m */; };
		1065D8D5187E30F40068D9B7 /* ASIDataCompressor.m in Sources */ = {isa = PBXBuildFile; fileRef = 1065D8BE187E30F40068D9B7 /* ASIDataCompressor.m */; };
		1065D8D6187E30F40068D9B7 /* ASIDataDecompressor.m in Sources */ = {isa = PBXBuildFile; fileRef = 1065D8C0187E30F40068D9B7 /* ASIDataDecompressor.m */; };
		1065D8D7187E30F40068D9B7 /* ASIDownloadCache.m in Sources */ = {isa = PBXBuildFile; fileRef = 1065D8C2187E30F40068D9B7 /* ASIDownloadCache.m */; };
		1065D8D8187E30F40068D9B7 /* ASIFormDataRequest.m in Sources */ = {isa = PBXBuildFile; fileRef = 1065D8C4187E30F40068D9B7 /* ASIFormDataRequest.m */; };
		1065D8D9187E30F40068D9B7 /* ASIHTTPRequest.m in Sources */ = {isa = PBXBuildFile; fileRef = 1065D8C6187E30F40068D9B7 /* ASIHTTPRequest.m */; };
		1065D8DA187E30F40068D9B7 /* ASIInputStream.m in Sources */ = {isa = PBXBuildFile; fileRef = 1065D8CA187E30F40068D9B7 /* ASIInputStream.m */; };
		1065D8DB187E30F40068D9B7 /* ASINetworkQueue.m in Sources */ = {isa = PBXBuildFile; fileRef = 1065D8CC187E30F40068D9B7 /* ASINetworkQueue.m */; };
		1065D8DC187E30F40068D9B7 /* ASIWebPageRequest.m in Sources */ = {isa = PBXBuildFile; fileRef = 1065D8D0187E30F40068D9B7 /* ASIWebPageRequest.m */; };
		1065D8DD187E30F40068D9B7 /* Reachability.m in Sources */ = {isa = PBXBuildFile; fileRef = 1065D8D3187E30F40068D9B7 /* Reachability.m */; };
		107FA174187E940400286CF8 /* self.png in Resources */ = {isa = PBXBuildFile; fileRef = 107FA173187E940400286CF8 /* self.png */; };
		107FA177187E9E4600286CF8 /* title_back.png in Resources */ = {isa = PBXBuildFile; fileRef = 107FA175187E9E4600286CF8 /* title_back.png */; };
		107FA178187E9E4600286CF8 /* title_back@2x.png in Resources */ = {isa = PBXBuildFile; fileRef = 107FA176187E9E4600286CF8 /* title_back@2x.png */; };
		10916C7A188E0288006E20BA /* JD_AccountManage.m in Sources */ = {isa = PBXBuildFile; fileRef = 10916C45188E0288006E20BA /* JD_AccountManage.m */; };
		10916C7B188E0288006E20BA /* JD_AccountManage.xib in Resources */ = {isa = PBXBuildFile; fileRef = 10916C46188E0288006E20BA /* JD_AccountManage.xib */; };
		10916C7C188E0288006E20BA /* AccountSafety.m in Sources */ = {isa = PBXBuildFile; fileRef = 10916C49188E0288006E20BA /* AccountSafety.m */; };
		10916C7D188E0288006E20BA /* AccountSafety.xib in Resources */ = {isa = PBXBuildFile; fileRef = 10916C4A188E0288006E20BA /* AccountSafety.xib */; };
		10916C7E188E0288006E20BA /* AllOrderFrom.m in Sources */ = {isa = PBXBuildFile; fileRef = 10916C4D188E0288006E20BA /* AllOrderFrom.m */; };
		10916C7F188E0288006E20BA /* AllOrderFrom.xib in Resources */ = {isa = PBXBuildFile; fileRef = 10916C4E188E0288006E20BA /* AllOrderFrom.xib */; };
		10916C80188E0288006E20BA /* Orderetail.m in Sources */ = {isa = PBXBuildFile; fileRef = 10916C50188E0288006E20BA /* Orderetail.m */; };
		10916C81188E0288006E20BA /* Orderetail.xib in Resources */ = {isa = PBXBuildFile; fileRef = 10916C51188E0288006E20BA /* Orderetail.xib */; };
		10916C82188E0288006E20BA /* GoodsEvaluationOrSingleOrder.m in Sources */ = {isa = PBXBuildFile; fileRef = 10916C53188E0288006E20BA /* GoodsEvaluationOrSingleOrder.m */; };
		10916C83188E0288006E20BA /* GoodsEvaluationOrSingleOrder.xib in Resources */ = {isa = PBXBuildFile; fileRef = 10916C54188E0288006E20BA /* GoodsEvaluationOrSingleOrder.xib */; };
		10916C84188E0288006E20BA /* ObligationQuery.m in Sources */ = {isa = PBXBuildFile; fileRef = 10916C56188E0288006E20BA /* ObligationQuery.m */; };
		10916C85188E0288006E20BA /* ObligationQuery.xib in Resources */ = {isa = PBXBuildFile; fileRef = 10916C57188E0288006E20BA /* ObligationQuery.xib */; };
		10916C86188E0288006E20BA /* OrderFromStateQuery.m in Sources */ = {isa = PBXBuildFile; fileRef = 10916C59188E0288006E20BA /* OrderFromStateQuery.m */; };
		10916C87188E0288006E20BA /* OrderFromStateQuery.xib in Resources */ = {isa = PBXBuildFile; fileRef = 10916C5A188E0288006E20BA /* OrderFromStateQuery.xib */; };
		10916C88188E0288006E20BA /* ReturnGoods.m in Sources */ = {isa = PBXBuildFile; fileRef = 10916C5C188E0288006E20BA /* ReturnGoods.m */; };
		10916C89188E0288006E20BA /* ReturnGoods.xib in Resources */ = {isa = PBXBuildFile; fileRef = 10916C5D188E0288006E20BA /* ReturnGoods.xib */; };
		10916C8A188E0288006E20BA /* subscribeTelServices.m in Sources */ = {isa = PBXBuildFile; fileRef = 10916C5F188E0288006E20BA /* subscribeTelServices.m */; };
		10916C8B188E0288006E20BA /* subscribeTelServices.xib in Resources */ = {isa = PBXBuildFile; fileRef = 10916C60188E0288006E20BA /* subscribeTelServices.xib */; };
		10916C8C188E0288006E20BA /* AddComment.m in Sources */ = {isa = PBXBuildFile; fileRef = 10916C63188E0288006E20BA /* AddComment.m */; };
		10916C8D188E0288006E20BA /* AddComment.xib in Resources */ = {isa = PBXBuildFile; fileRef = 10916C64188E0288006E20BA /* AddComment.xib */; };
		10916C92188E0288006E20BA /* TakeDeliveryAddressManage.m in Sources */ = {isa = PBXBuildFile; fileRef = 10916C6C188E0288006E20BA /* TakeDeliveryAddressManage.m */; };
		10916C93188E0288006E20BA /* TakeDeliveryAddressManage.xib in Resources */ = {isa = PBXBuildFile; fileRef = 10916C6D188E0288006E20BA /* TakeDeliveryAddressManage.xib */; };
		10916C94188E0288006E20BA /* JD_Login.m in Sources */ = {isa = PBXBuildFile; fileRef = 10916C6F188E0288006E20BA /* JD_Login.m */; };
		10916C95188E0288006E20BA /* JD_Login.xib in Resources */ = {isa = PBXBuildFile; fileRef = 10916C70188E0288006E20BA /* JD_Login.xib */; };
		10916C96188E0288006E20BA /* JD_Register.m in Sources */ = {isa = PBXBuildFile; fileRef = 10916C72188E0288006E20BA /* JD_Register.m */; };
		10916C97188E0288006E20BA /* JD_Register.xib in Resources */ = {isa = PBXBuildFile; fileRef = 10916C73188E0288006E20BA /* JD_Register.xib */; };
		10916C98188E0288006E20BA /* MoreView.m in Sources */ = {isa = PBXBuildFile; fileRef = 10916C75188E0288006E20BA /* MoreView.m */; };
		10916C99188E0288006E20BA /* MoreView.xib in Resources */ = {isa = PBXBuildFile; fileRef = 10916C76188E0288006E20BA /* MoreView.xib */; };
		10916C9A188E0288006E20BA /* RetrievePassword.m in Sources */ = {isa = PBXBuildFile; fileRef = 10916C78188E0288006E20BA /* RetrievePassword.m */; };
		10916C9B188E0288006E20BA /* RetrievePassword.xib in Resources */ = {isa = PBXBuildFile; fileRef = 10916C79188E0288006E20BA /* RetrievePassword.xib */; };
		10916C9D188E0380006E20BA /* AccountSafety.png in Resources */ = {isa = PBXBuildFile; fileRef = 10916C9C188E0380006E20BA /* AccountSafety.png */; };
		10916C9F188E039A006E20BA /* user_header_placeholder@2x.png in Resources */ = {isa = PBXBuildFile; fileRef = 10916C9E188E039A006E20BA /* user_header_placeholder@2x.png */; };
		10916CA3188E4A34006E20BA /* Goodsretail.m in Sources */ = {isa = PBXBuildFile; fileRef = 10916CA1188E4A33006E20BA /* Goodsretail.m */; };
		10916CA4188E4A34006E20BA /* Goodsretail.xib in Resources */ = {isa = PBXBuildFile; fileRef = 10916CA2188E4A34006E20BA /* Goodsretail.xib */; };
		1099C942187F8976005A2B81 /* JD_1.png in Resources */ = {isa = PBXBuildFile; fileRef = 1099C940187F8976005A2B81 /* JD_1.png */; };
		1099C943187F8976005A2B81 /* JD_1@2x.png in Resources */ = {isa = PBXBuildFile; fileRef = 1099C941187F8976005A2B81 /* JD_1@2x.png */; };
		1099C953187F8A7A005A2B81 /* myjd_adress@2x.png in Resources */ = {isa = PBXBuildFile; fileRef = 1099C945187F8A7A005A2B81 /* myjd_adress@2x.png */; };
		1099C954187F8A7A005A2B81 /* myjd_allOrder@2x.png in Resources */ = {isa = PBXBuildFile; fileRef = 1099C946187F8A7A005A2B81 /* myjd_allOrder@2x.png */; };
		1099C955187F8A7A005A2B81 /* myjd_defalut_background.png in Resources */ = {isa = PBXBuildFile; fileRef = 1099C947187F8A7A005A2B81 /* myjd_defalut_background.png */; };
		1099C956187F8A7A005A2B81 /* myjd_defalut_background@2x.png in Resources */ = {isa = PBXBuildFile; fileRef = 1099C948187F8A7A005A2B81 /* myjd_defalut_background@2x.png */; };
		1099C957187F8A7A005A2B81 /* myjd_head_background.png in Resources */ = {isa = PBXBuildFile; fileRef = 1099C949187F8A7A005A2B81 /* myjd_head_background.png */; };
		1099C958187F8A7A005A2B81 /* myjd_head_background@2x.png in Resources */ = {isa = PBXBuildFile; fileRef = 1099C94A187F8A7A005A2B81 /* myjd_head_background@2x.png */; };
		1099C959187F8A7A005A2B81 /* myjd_message@2x.png in Resources */ = {isa = PBXBuildFile; fileRef = 1099C94B187F8A7A005A2B81 /* myjd_message@2x.png */; };
		1099C95A187F8A7A005A2B81 /* myjd_orderStat@2x.png in Resources */ = {isa = PBXBuildFile; fileRef = 1099C94C187F8A7A005A2B81 /* myjd_orderStat@2x.png */; };
		1099C95B187F8A7A005A2B81 /* myjd_returnWare@2x.png in Resources */ = {isa = PBXBuildFile; fileRef = 1099C94D187F8A7A005A2B81 /* myjd_returnWare@2x.png */; };
		1099C95C187F8A7A005A2B81 /* myjd_share@2x.png in Resources */ = {isa = PBXBuildFile; fileRef = 1099C94E187F8A7A005A2B81 /* myjd_share@2x.png */; };
		1099C95D187F8A7A005A2B81 /* myjd_tbis@2x.png in Resources */ = {isa = PBXBuildFile; fileRef = 1099C94F187F8A7A005A2B81 /* myjd_tbis@2x.png */; };
		1099C95E187F8A7A005A2B81 /* myjd_waitOrder@2x.png in Resources */ = {isa = PBXBuildFile; fileRef = 1099C950187F8A7A005A2B81 /* myjd_waitOrder@2x.png */; };
		1099C95F187F8A7A005A2B81 /* myjd_warehistory@2x.png in Resources */ = {isa = PBXBuildFile; fileRef = 1099C951187F8A7A005A2B81 /* myjd_warehistory@2x.png */; };
		1099C960187F8A7A005A2B81 /* myStow-icon@2x.png in Resources */ = {isa = PBXBuildFile; fileRef = 1099C952187F8A7A005A2B81 /* myStow-icon@2x.png */; };
		1099C964187F8A85005A2B81 /* Login.png in Resources */ = {isa = PBXBuildFile; fileRef = 1099C961187F8A85005A2B81 /* Login.png */; };
		1099C965187F8A85005A2B81 /* login@2x.png in Resources */ = {isa = PBXBuildFile; fileRef = 1099C962187F8A85005A2B81 /* login@2x.png */; };
		1099C966187F8A85005A2B81 /* myjd_accountSafe@2x.png in Resources */ = {isa = PBXBuildFile; fileRef = 1099C963187F8A85005A2B81 /* myjd_accountSafe@2x.png */; };
		1099C96F187F8A8B005A2B81 /* more_about@2x.png in Resources */ = {isa = PBXBuildFile; fileRef = 1099C968187F8A8B005A2B81 /* more_about@2x.png */; };
		1099C970187F8A8B005A2B81 /* more_commend@2x.png in Resources */ = {isa = PBXBuildFile; fileRef = 1099C969187F8A8B005A2B81 /* more_commend@2x.png */; };
		1099C971187F8A8B005A2B81 /* more_feed@2x.png in Resources */ = {isa = PBXBuildFile; fileRef = 1099C96A187F8A8B005A2B81 /* more_feed@2x.png */; };
		1099C972187F8A8B005A2B81 /* more_help@2x.png in Resources */ = {isa = PBXBuildFile; fileRef = 1099C96B187F8A8B005A2B81 /* more_help@2x.png */; };
		1099C973187F8A8B005A2B81 /* more_like@2x.png in Resources */ = {isa = PBXBuildFile; fileRef = 1099C96C187F8A8B005A2B81 /* more_like@2x.png */; };
		1099C974187F8A8B005A2B81 /* more_setting@2x.png in Resources */ = {isa = PBXBuildFile; fileRef = 1099C96D187F8A8B005A2B81 /* more_setting@2x.png */; };
		1099C975187F8A8B005A2B81 /* more_update@2x.png in Resources */ = {isa = PBXBuildFile; fileRef = 1099C96E187F8A8B005A2B81 /* more_update@2x.png */; };
		1099C97C187F8A90005A2B81 /* checkbox_1.png in Resources */ = {isa = PBXBuildFile; fileRef = 1099C977187F8A90005A2B81 /* checkbox_1.png */; };
		1099C97D187F8A90005A2B81 /* checkbox_1@2x.png in Resources */ = {isa = PBXBuildFile; fileRef = 1099C978187F8A90005A2B81 /* checkbox_1@2x.png */; };
		1099C97E187F8A90005A2B81 /* radiobox_0.png in Resources */ = {isa = PBXBuildFile; fileRef = 1099C979187F8A90005A2B81 /* radiobox_0.png */; };
		1099C97F187F8A90005A2B81 /* radiobox_0@2x.png in Resources */ = {isa = PBXBuildFile; fileRef = 1099C97A187F8A90005A2B81 /* radiobox_0@2x.png */; };
		1099C980187F8A90005A2B81 /* Register.png in Resources */ = {isa = PBXBuildFile; fileRef = 1099C97B187F8A90005A2B81 /* Register.png */; };
		109C829C187B9167000A9975 /* QuartzCore.framework in Frameworks */ = {isa = PBXBuildFile; fileRef = 109C829B187B9167000A9975 /* QuartzCore.framework */; };
		109D68E6188D108B000F06AC /* JD_NetworkPrompt.m in Sources */ = {isa = PBXBuildFile; fileRef = 109D68E5188D108B000F06AC /* JD_NetworkPrompt.m */; };
		10DF34621888BE5100E7712F /* JD_Review.m in Sources */ = {isa = PBXBuildFile; fileRef = 10DF34601888BE5100E7712F /* JD_Review.m */; };
		10DF34631888BE5100E7712F /* JD_Review.xib in Resources */ = {isa = PBXBuildFile; fileRef = 10DF34611888BE5100E7712F /* JD_Review.xib */; };
		10EF7F49187A987700762C73 /* Navigation.png in Resources */ = {isa = PBXBuildFile; fileRef = 10EF7F48187A987700762C73 /* Navigation.png */; };
		10EFCCF718765628009F4AB4 /* UIKit.framework in Frameworks */ = {isa = PBXBuildFile; fileRef = 10EFCCF618765628009F4AB4 /* UIKit.framework */; };
		10EFCCF918765628009F4AB4 /* Foundation.framework in Frameworks */ = {isa = PBXBuildFile; fileRef = 10EFCCF818765628009F4AB4 /* Foundation.framework */; };
		10EFCCFB18765628009F4AB4 /* CoreGraphics.framework in Frameworks */ = {isa = PBXBuildFile; fileRef = 10EFCCFA18765628009F4AB4 /* CoreGraphics.framework */; };
		10EFCD0118765628009F4AB4 /* InfoPlist.strings in Resources */ = {isa = PBXBuildFile; fileRef = 10EFCCFF18765628009F4AB4 /* InfoPlist.strings */; };
		10EFCD0318765628009F4AB4 /* main.m in Sources */ = {isa = PBXBuildFile; fileRef = 10EFCD0218765628009F4AB4 /* main.m */; };
		10EFCD0718765628009F4AB4 /* AppDelegate.m in Sources */ = {isa = PBXBuildFile; fileRef = 10EFCD0618765628009F4AB4 /* AppDelegate.m */; };
		10EFCD0918765628009F4AB4 /* Default.png in Resources */ = {isa = PBXBuildFile; fileRef = 10EFCD0818765628009F4AB4 /* Default.png */; };
		10EFCD0B18765628009F4AB4 /* Default@2x.png in Resources */ = {isa = PBXBuildFile; fileRef = 10EFCD0A18765628009F4AB4 /* Default@2x.png */; };
		10EFCD0D18765628009F4AB4 /* Default-568h@2x.png in Resources */ = {isa = PBXBuildFile; fileRef = 10EFCD0C18765628009F4AB4 /* Default-568h@2x.png */; };
		10EFCD2618765719009F4AB4 /* JD_Home_Page.m in Sources */ = {isa = PBXBuildFile; fileRef = 10EFCD2418765719009F4AB4 /* JD_Home_Page.m */; };
		10EFCD2718765719009F4AB4 /* JD_Home_Page.xib in Resources */ = {isa = PBXBuildFile; fileRef = 10EFCD2518765719009F4AB4 /* JD_Home_Page.xib */; };
		10EFCD4518765A95009F4AB4 /* icon_29x29.png in Resources */ = {isa = PBXBuildFile; fileRef = 10EFCD3E18765A95009F4AB4 /* icon_29x29.png */; };
		10EFCD4618765A95009F4AB4 /* icon_58x58.png in Resources */ = {isa = PBXBuildFile; fileRef = 10EFCD3F18765A95009F4AB4 /* icon_58x58.png */; };
		10EFCD4718765A95009F4AB4 /* icon_80x80.png in Resources */ = {isa = PBXBuildFile; fileRef = 10EFCD4018765A95009F4AB4 /* icon_80x80.png */; };
		10EFCD4818765A95009F4AB4 /* icon_120x120.png in Resources */ = {isa = PBXBuildFile; fileRef = 10EFCD4118765A95009F4AB4 /* icon_120x120.png */; };
		10EFCD4918765A95009F4AB4 /* icon-72.png in Resources */ = {isa = PBXBuildFile; fileRef = 10EFCD4218765A95009F4AB4 /* icon-72.png */; };
		10EFCD4A18765A95009F4AB4 /* icon.png in Resources */ = {isa = PBXBuildFile; fileRef = 10EFCD4318765A95009F4AB4 /* icon.png */; };
		10EFCD4B18765A95009F4AB4 /* icon@2x.png in Resources */ = {isa = PBXBuildFile; fileRef = 10EFCD4418765A95009F4AB4 /* icon@2x.png */; };
		10EFCD86187694E4009F4AB4 /* JD_WelcomeView.m in Sources */ = {isa = PBXBuildFile; fileRef = 10EFCD84187694E4009F4AB4 /* JD_WelcomeView.m */; };
		10EFCD87187694E4009F4AB4 /* JD_WelcomeView.xib in Resources */ = {isa = PBXBuildFile; fileRef = 10EFCD85187694E4009F4AB4 /* JD_WelcomeView.xib */; };
		10EFCD8E1876965E009F4AB4 /* JD_Search.m in Sources */ = {isa = PBXBuildFile; fileRef = 10EFCD8C1876965E009F4AB4 /* JD_Search.m */; };
		10EFCD8F1876965E009F4AB4 /* JD_Search.xib in Resources */ = {isa = PBXBuildFile; fileRef = 10EFCD8D1876965E009F4AB4 /* JD_Search.xib */; };
		10EFCD931876966D009F4AB4 /* JD_ShopCar.m in Sources */ = {isa = PBXBuildFile; fileRef = 10EFCD911876966D009F4AB4 /* JD_ShopCar.m */; };
		10EFCD941876966D009F4AB4 /* JD_ShopCar.xib in Resources */ = {isa = PBXBuildFile; fileRef = 10EFCD921876966D009F4AB4 /* JD_ShopCar.xib */; };
		10EFCDAC18769DC7009F4AB4 /* tabBar_item0_1@2x.png in Resources */ = {isa = PBXBuildFile; fileRef = 10EFCDAB18769DC7009F4AB4 /* tabBar_item0_1@2x.png */; };
		10EFCDAE18769DD1009F4AB4 /* tabBar_item1_1@2x.png in Resources */ = {isa = PBXBuildFile; fileRef = 10EFCDAD18769DD1009F4AB4 /* tabBar_item1_1@2x.png */; };
		10EFCDB018769DE1009F4AB4 /* tabBar_item2_1@2x.png in Resources */ = {isa = PBXBuildFile; fileRef = 10EFCDAF18769DE1009F4AB4 /* tabBar_item2_1@2x.png */; };
		10EFCDB218769DED009F4AB4 /* tabBar_item3_1@2x.png in Resources */ = {isa = PBXBuildFile; fileRef = 10EFCDB118769DED009F4AB4 /* tabBar_item3_1@2x.png */; };
		10EFCDB418769DFD009F4AB4 /* tabBar_item4_1@2x.png in Resources */ = {isa = PBXBuildFile; fileRef = 10EFCDB318769DFD009F4AB4 /* tabBar_item4_1@2x.png */; };
/* End PBXBuildFile section */

/* Begin PBXFileReference section */
		100A99DA187CE81B006487D8 /* JD_DataManager.h */ = {isa = PBXFileReference; fileEncoding = 4; lastKnownFileType = sourcecode.c.h; path = JD_DataManager.h; sourceTree = SOURCE_ROOT; };
		100A99DB187CE81B006487D8 /* JD_DataManager.m */ = {isa = PBXFileReference; fileEncoding = 4; lastKnownFileType = sourcecode.c.objc; path = JD_DataManager.m; sourceTree = SOURCE_ROOT; };
		100A99E3187CEBEB006487D8 /* JD_Goods.h */ = {isa = PBXFileReference; fileEncoding = 4; lastKnownFileType = sourcecode.c.h; path = JD_Goods.h; sourceTree = "<group>"; };
		100A99E4187CEBEB006487D8 /* JD_Goods.m */ = {isa = PBXFileReference; fileEncoding = 4; lastKnownFileType = sourcecode.c.objc; path = JD_Goods.m; sourceTree = "<group>"; };
		100A99E5187CEBEB006487D8 /* JD_Goods.xib */ = {isa = PBXFileReference; fileEncoding = 4; lastKnownFileType = file.xib; path = JD_Goods.xib; sourceTree = "<group>"; };
		100A99EA187CEC91006487D8 /* JD_Goods_Info.h */ = {isa = PBXFileReference; fileEncoding = 4; lastKnownFileType = sourcecode.c.h; path = JD_Goods_Info.h; sourceTree = "<group>"; };
		100A99EB187CEC91006487D8 /* JD_Goods_Info.m */ = {isa = PBXFileReference; fileEncoding = 4; lastKnownFileType = sourcecode.c.objc; path = JD_Goods_Info.m; sourceTree = "<group>"; };
		100A99EC187CEC91006487D8 /* JD_Goods_Info.xib */ = {isa = PBXFileReference; fileEncoding = 4; lastKnownFileType = file.xib; path = JD_Goods_Info.xib; sourceTree = "<group>"; };
		100A99EF187CECB1006487D8 /* JD_Goods_Evaluate.h */ = {isa = PBXFileReference; fileEncoding = 4; lastKnownFileType = sourcecode.c.h; path = JD_Goods_Evaluate.h; sourceTree = "<group>"; };
		100A99F0187CECB1006487D8 /* JD_Goods_Evaluate.m */ = {isa = PBXFileReference; fileEncoding = 4; lastKnownFileType = sourcecode.c.objc; path = JD_Goods_Evaluate.m; sourceTree = "<group>"; };
		100A99F1187CECB1006487D8 /* JD_Goods_Evaluate.xib */ = {isa = PBXFileReference; fileEncoding = 4; lastKnownFileType = file.xib; path = JD_Goods_Evaluate.xib; sourceTree = "<group>"; };
		100A99F7187D2300006487D8 /* car.png */ = {isa = PBXFileReference; lastKnownFileType = image.png; name = car.png; path = ../car.png; sourceTree = "<group>"; };
		100A99FA187D247A006487D8 /* back.png */ = {isa = PBXFileReference; lastKnownFileType = image.png; name = back.png; path = ../../../back.png; sourceTree = "<group>"; };
		100A9A24187D3B62006487D8 /* libxml2.dylib */ = {isa = PBXFileReference; lastKnownFileType = "compiled.mach-o.dylib"; name = libxml2.dylib; path = usr/lib/libxml2.dylib; sourceTree = SDKROOT; };
		100A9A26187D3B6B006487D8 /* libz.1.2.5.dylib */ = {isa = PBXFileReference; lastKnownFileType = "compiled.mach-o.dylib"; name = libz.1.2.5.dylib; path = usr/lib/libz.1.2.5.dylib; sourceTree = SDKROOT; };
		100A9A28187D3B70006487D8 /* MobileCoreServices.framework */ = {isa = PBXFileReference; lastKnownFileType = wrapper.framework; name = MobileCoreServices.framework; path = System/Library/Frameworks/MobileCoreServices.framework; sourceTree = SDKROOT; };
		100A9A2A187D3B78006487D8 /* SystemConfiguration.framework */ = {isa = PBXFileReference; lastKnownFileType = wrapper.framework; name = SystemConfiguration.framework; path = System/Library/Frameworks/SystemConfiguration.framework; sourceTree = SDKROOT; };
		100A9A2C187D3B7E006487D8 /* CFNetwork.framework */ = {isa = PBXFileReference; lastKnownFileType = wrapper.framework; name = CFNetwork.framework; path = System/Library/Frameworks/CFNetwork.framework; sourceTree = SDKROOT; };
		1017D9FE1886246D00AA9CB1 /* star_light.png */ = {isa = PBXFileReference; lastKnownFileType = image.png; path = star_light.png; sourceTree = "<group>"; };
		1017D9FF1886246D00AA9CB1 /* star_light@2x.png */ = {isa = PBXFileReference; lastKnownFileType = image.png; path = "star_light@2x.png"; sourceTree = "<group>"; };
		1017DA001886246D00AA9CB1 /* star_dark.png */ = {isa = PBXFileReference; lastKnownFileType = image.png; path = star_dark.png; sourceTree = "<group>"; };
		1017DA011886246E00AA9CB1 /* star_dark@2x.png */ = {isa = PBXFileReference; lastKnownFileType = image.png; path = "star_dark@2x.png"; sourceTree = "<group>"; };
		1017DA06188624AF00AA9CB1 /* StarView.h */ = {isa = PBXFileReference; fileEncoding = 4; lastKnownFileType = sourcecode.c.h; path = StarView.h; sourceTree = "<group>"; };
		1017DA07188624AF00AA9CB1 /* StarView.m */ = {isa = PBXFileReference; fileEncoding = 4; lastKnownFileType = sourcecode.c.objc; path = StarView.m; sourceTree = "<group>"; };
		1017DA09188624C000AA9CB1 /* CustomView.h */ = {isa = PBXFileReference; fileEncoding = 4; lastKnownFileType = sourcecode.c.h; path = CustomView.h; sourceTree = "<group>"; };
		1017DA0A188624C000AA9CB1 /* CustomView.m */ = {isa = PBXFileReference; fileEncoding = 4; lastKnownFileType = sourcecode.c.objc; path = CustomView.m; sourceTree = "<group>"; };
		101B188B1883E89C00D47DF8 /* rect_check1@2x.png */ = {isa = PBXFileReference; lastKnownFileType = image.png; path = "rect_check1@2x.png"; sourceTree = "<group>"; };
		101B188C1883E89C00D47DF8 /* rect_check2@2x.png */ = {isa = PBXFileReference; lastKnownFileType = image.png; path = "rect_check2@2x.png"; sourceTree = "<group>"; };
		101B188D1883E89C00D47DF8 /* round_check1@2x.png */ = {isa = PBXFileReference; lastKnownFileType = image.png; path = "round_check1@2x.png"; sourceTree = "<group>"; };
		101B188E1883E89C00D47DF8 /* round_check2@2x.png */ = {isa = PBXFileReference; lastKnownFileType = image.png; path = "round_check2@2x.png"; sourceTree = "<group>"; };
		1026237A187E710B00116DB2 /* into.png */ = {isa = PBXFileReference; lastKnownFileType = image.png; name = into.png; path = ../into.png; sourceTree = "<group>"; };
		104140A1188CA7D1005B3BFB /* select.png */ = {isa = PBXFileReference; lastKnownFileType = image.png; path = select.png; sourceTree = "<group>"; };
		104140A3188CC1B3005B3BFB /* delete.png */ = {isa = PBXFileReference; lastKnownFileType = image.png; path = delete.png; sourceTree = "<group>"; };
		104140A4188CC1B3005B3BFB /* more.png */ = {isa = PBXFileReference; lastKnownFileType = image.png; path = more.png; sourceTree = "<group>"; };
		104140A7188CEB50005B3BFB /* 55.png */ = {isa = PBXFileReference; lastKnownFileType = image.png; path = 55.png; sourceTree = "<group>"; };
		104140A8188CEB50005B3BFB /* 44.png */ = {isa = PBXFileReference; lastKnownFileType = image.png; path = 44.png; sourceTree = "<group>"; };
		104140A9188CEB50005B3BFB /* 33.png */ = {isa = PBXFileReference; lastKnownFileType = image.png; path = 33.png; sourceTree = "<group>"; };
		104140AA188CEB50005B3BFB /* 22.png */ = {isa = PBXFileReference; lastKnownFileType = image.png; path = 22.png; sourceTree = "<group>"; };
		104140AB188CEB50005B3BFB /* 11.png */ = {isa = PBXFileReference; lastKnownFileType = image.png; path = 11.png; sourceTree = "<group>"; };
		104140B1188CED3E005B3BFB /* welcom.png */ = {isa = PBXFileReference; lastKnownFileType = image.png; path = welcom.png; sourceTree = "<group>"; };
		104140B2188CED3E005B3BFB /* welcom@2x.png */ = {isa = PBXFileReference; lastKnownFileType = image.png; path = "welcom@2x.png"; sourceTree = "<group>"; };
		104140B7188CF332005B3BFB /* logo.jpg */ = {isa = PBXFileReference; lastKnownFileType = image.jpeg; path = logo.jpg; sourceTree = "<group>"; };
		1043235E187FD55A0095C3FD /* white.png */ = {isa = PBXFileReference; lastKnownFileType = image.png; name = white.png; path = ../white.png; sourceTree = "<group>"; };
		104F947F188E4E66007C021D /* AddressInfoViewController.h */ = {isa = PBXFileReference; fileEncoding = 4; lastKnownFileType = sourcecode.c.h; path = AddressInfoViewController.h; sourceTree = "<group>"; };
		104F9480188E4E66007C021D /* AddressInfoViewController.m */ = {isa = PBXFileReference; fileEncoding = 4; lastKnownFileType = sourcecode.c.objc; path = AddressInfoViewController.m; sourceTree = "<group>"; };
		104F9481188E4E66007C021D /* AddressInfoViewController.xib */ = {isa = PBXFileReference; fileEncoding = 4; lastKnownFileType = file.xib; path = AddressInfoViewController.xib; sourceTree = "<group>"; };
		1065D8BA187E30F40068D9B7 /* ASIAuthenticationDialog.h */ = {isa = PBXFileReference; fileEncoding = 4; lastKnownFileType = sourcecode.c.h; path = ASIAuthenticationDialog.h; sourceTree = "<group>"; };
		1065D8BB187E30F40068D9B7 /* ASIAuthenticationDialog.m */ = {isa = PBXFileReference; fileEncoding = 4; lastKnownFileType = sourcecode.c.objc; path = ASIAuthenticationDialog.m; sourceTree = "<group>"; };
		1065D8BC187E30F40068D9B7 /* ASICacheDelegate.h */ = {isa = PBXFileReference; fileEncoding = 4; lastKnownFileType = sourcecode.c.h; path = ASICacheDelegate.h; sourceTree = "<group>"; };
		1065D8BD187E30F40068D9B7 /* ASIDataCompressor.h */ = {isa = PBXFileReference; fileEncoding = 4; lastKnownFileType = sourcecode.c.h; path = ASIDataCompressor.h; sourceTree = "<group>"; };
		1065D8BE187E30F40068D9B7 /* ASIDataCompressor.m */ = {isa = PBXFileReference; fileEncoding = 4; lastKnownFileType = sourcecode.c.objc; path = ASIDataCompressor.m; sourceTree = "<group>"; };
		1065D8BF187E30F40068D9B7 /* ASIDataDecompressor.h */ = {isa = PBXFileReference; fileEncoding = 4; lastKnownFileType = sourcecode.c.h; path = ASIDataDecompressor.h; sourceTree = "<group>"; };
		1065D8C0187E30F40068D9B7 /* ASIDataDecompressor.m */ = {isa = PBXFileReference; fileEncoding = 4; lastKnownFileType = sourcecode.c.objc; path = ASIDataDecompressor.m; sourceTree = "<group>"; };
		1065D8C1187E30F40068D9B7 /* ASIDownloadCache.h */ = {isa = PBXFileReference; fileEncoding = 4; lastKnownFileType = sourcecode.c.h; path = ASIDownloadCache.h; sourceTree = "<group>"; };
		1065D8C2187E30F40068D9B7 /* ASIDownloadCache.m */ = {isa = PBXFileReference; fileEncoding = 4; lastKnownFileType = sourcecode.c.objc; path = ASIDownloadCache.m; sourceTree = "<group>"; };
		1065D8C3187E30F40068D9B7 /* ASIFormDataRequest.h */ = {isa = PBXFileReference; fileEncoding = 4; lastKnownFileType = sourcecode.c.h; path = ASIFormDataRequest.h; sourceTree = "<group>"; };
		1065D8C4187E30F40068D9B7 /* ASIFormDataRequest.m */ = {isa = PBXFileReference; fileEncoding = 4; lastKnownFileType = sourcecode.c.objc; path = ASIFormDataRequest.m; sourceTree = "<group>"; };
		1065D8C5187E30F40068D9B7 /* ASIHTTPRequest.h */ = {isa = PBXFileReference; fileEncoding = 4; lastKnownFileType = sourcecode.c.h; path = ASIHTTPRequest.h; sourceTree = "<group>"; };
		1065D8C6187E30F40068D9B7 /* ASIHTTPRequest.m */ = {isa = PBXFileReference; fileEncoding = 4; lastKnownFileType = sourcecode.c.objc; path = ASIHTTPRequest.m; sourceTree = "<group>"; };
		1065D8C7187E30F40068D9B7 /* ASIHTTPRequestConfig.h */ = {isa = PBXFileReference; fileEncoding = 4; lastKnownFileType = sourcecode.c.h; path = ASIHTTPRequestConfig.h; sourceTree = "<group>"; };
		1065D8C8187E30F40068D9B7 /* ASIHTTPRequestDelegate.h */ = {isa = PBXFileReference; fileEncoding = 4; lastKnownFileType = sourcecode.c.h; path = ASIHTTPRequestDelegate.h; sourceTree = "<group>"; };
		1065D8C9187E30F40068D9B7 /* ASIInputStream.h */ = {isa = PBXFileReference; fileEncoding = 4; lastKnownFileType = sourcecode.c.h; path = ASIInputStream.h; sourceTree = "<group>"; };
		1065D8CA187E30F40068D9B7 /* ASIInputStream.m */ = {isa = PBXFileReference; fileEncoding = 4; lastKnownFileType = sourcecode.c.objc; path = ASIInputStream.m; sourceTree = "<group>"; };
		1065D8CB187E30F40068D9B7 /* ASINetworkQueue.h */ = {isa = PBXFileReference; fileEncoding = 4; lastKnownFileType = sourcecode.c.h; path = ASINetworkQueue.h; sourceTree = "<group>"; };
		1065D8CC187E30F40068D9B7 /* ASINetworkQueue.m */ = {isa = PBXFileReference; fileEncoding = 4; lastKnownFileType = sourcecode.c.objc; path = ASINetworkQueue.m; sourceTree = "<group>"; };
		1065D8CD187E30F40068D9B7 /* ASIProgressDelegate.h */ = {isa = PBXFileReference; fileEncoding = 4; lastKnownFileType = sourcecode.c.h; path = ASIProgressDelegate.h; sourceTree = "<group>"; };
		1065D8CF187E30F40068D9B7 /* ASIWebPageRequest.h */ = {isa = PBXFileReference; fileEncoding = 4; lastKnownFileType = sourcecode.c.h; path = ASIWebPageRequest.h; sourceTree = "<group>"; };
		1065D8D0187E30F40068D9B7 /* ASIWebPageRequest.m */ = {isa = PBXFileReference; fileEncoding = 4; lastKnownFileType = sourcecode.c.objc; path = ASIWebPageRequest.m; sourceTree = "<group>"; };
		1065D8D2187E30F40068D9B7 /* Reachability.h */ = {isa = PBXFileReference; fileEncoding = 4; lastKnownFileType = sourcecode.c.h; path = Reachability.h; sourceTree = "<group>"; };
		1065D8D3187E30F40068D9B7 /* Reachability.m */ = {isa = PBXFileReference; fileEncoding = 4; lastKnownFileType = sourcecode.c.objc; path = Reachability.m; sourceTree = "<group>"; };
		107FA173187E940400286CF8 /* self.png */ = {isa = PBXFileReference; lastKnownFileType = image.png; name = self.png; path = ../self.png; sourceTree = "<group>"; };
		107FA175187E9E4600286CF8 /* title_back.png */ = {isa = PBXFileReference; lastKnownFileType = image.png; name = title_back.png; path = ../title_back.png; sourceTree = "<group>"; };
		107FA176187E9E4600286CF8 /* title_back@2x.png */ = {isa = PBXFileReference; lastKnownFileType = image.png; name = "title_back@2x.png"; path = "../title_back@2x.png"; sourceTree = "<group>"; };
		10916C44188E0288006E20BA /* JD_AccountManage.h */ = {isa = PBXFileReference; fileEncoding = 4; lastKnownFileType = sourcecode.c.h; path = JD_AccountManage.h; sourceTree = "<group>"; };
		10916C45188E0288006E20BA /* JD_AccountManage.m */ = {isa = PBXFileReference; fileEncoding = 4; lastKnownFileType = sourcecode.c.objc; path = JD_AccountManage.m; sourceTree = "<group>"; };
		10916C46188E0288006E20BA /* JD_AccountManage.xib */ = {isa = PBXFileReference; fileEncoding = 4; lastKnownFileType = file.xib; path = JD_AccountManage.xib; sourceTree = "<group>"; };
		10916C48188E0288006E20BA /* AccountSafety.h */ = {isa = PBXFileReference; fileEncoding = 4; lastKnownFileType = sourcecode.c.h; path = AccountSafety.h; sourceTree = "<group>"; };
		10916C49188E0288006E20BA /* AccountSafety.m */ = {isa = PBXFileReference; fileEncoding = 4; lastKnownFileType = sourcecode.c.objc; path = AccountSafety.m; sourceTree = "<group>"; };
		10916C4A188E0288006E20BA /* AccountSafety.xib */ = {isa = PBXFileReference; fileEncoding = 4; lastKnownFileType = file.xib; path = AccountSafety.xib; sourceTree = "<group>"; };
		10916C4C188E0288006E20BA /* AllOrderFrom.h */ = {isa = PBXFileReference; fileEncoding = 4; lastKnownFileType = sourcecode.c.h; path = AllOrderFrom.h; sourceTree = "<group>"; };
		10916C4D188E0288006E20BA /* AllOrderFrom.m */ = {isa = PBXFileReference; fileEncoding = 4; lastKnownFileType = sourcecode.c.objc; path = AllOrderFrom.m; sourceTree = "<group>"; };
		10916C4E188E0288006E20BA /* AllOrderFrom.xib */ = {isa = PBXFileReference; fileEncoding = 4; lastKnownFileType = file.xib; path = AllOrderFrom.xib; sourceTree = "<group>"; };
		10916C4F188E0288006E20BA /* Orderetail.h */ = {isa = PBXFileReference; fileEncoding = 4; lastKnownFileType = sourcecode.c.h; path = Orderetail.h; sourceTree = "<group>"; };
		10916C50188E0288006E20BA /* Orderetail.m */ = {isa = PBXFileReference; fileEncoding = 4; lastKnownFileType = sourcecode.c.objc; path = Orderetail.m; sourceTree = "<group>"; };
		10916C51188E0288006E20BA /* Orderetail.xib */ = {isa = PBXFileReference; fileEncoding = 4; lastKnownFileType = file.xib; path = Orderetail.xib; sourceTree = "<group>"; };
		10916C52188E0288006E20BA /* GoodsEvaluationOrSingleOrder.h */ = {isa = PBXFileReference; fileEncoding = 4; lastKnownFileType = sourcecode.c.h; path = GoodsEvaluationOrSingleOrder.h; sourceTree = "<group>"; };
		10916C53188E0288006E20BA /* GoodsEvaluationOrSingleOrder.m */ = {isa = PBXFileReference; fileEncoding = 4; lastKnownFileType = sourcecode.c.objc; path = GoodsEvaluationOrSingleOrder.m; sourceTree = "<group>"; };
		10916C54188E0288006E20BA /* GoodsEvaluationOrSingleOrder.xib */ = {isa = PBXFileReference; fileEncoding = 4; lastKnownFileType = file.xib; path = GoodsEvaluationOrSingleOrder.xib; sourceTree = "<group>"; };
		10916C55188E0288006E20BA /* ObligationQuery.h */ = {isa = PBXFileReference; fileEncoding = 4; lastKnownFileType = sourcecode.c.h; path = ObligationQuery.h; sourceTree = "<group>"; };
		10916C56188E0288006E20BA /* ObligationQuery.m */ = {isa = PBXFileReference; fileEncoding = 4; lastKnownFileType = sourcecode.c.objc; path = ObligationQuery.m; sourceTree = "<group>"; };
		10916C57188E0288006E20BA /* ObligationQuery.xib */ = {isa = PBXFileReference; fileEncoding = 4; lastKnownFileType = file.xib; path = ObligationQuery.xib; sourceTree = "<group>"; };
		10916C58188E0288006E20BA /* OrderFromStateQuery.h */ = {isa = PBXFileReference; fileEncoding = 4; lastKnownFileType = sourcecode.c.h; path = OrderFromStateQuery.h; sourceTree = "<group>"; };
		10916C59188E0288006E20BA /* OrderFromStateQuery.m */ = {isa = PBXFileReference; fileEncoding = 4; lastKnownFileType = sourcecode.c.objc; path = OrderFromStateQuery.m; sourceTree = "<group>"; };
		10916C5A188E0288006E20BA /* OrderFromStateQuery.xib */ = {isa = PBXFileReference; fileEncoding = 4; lastKnownFileType = file.xib; path = OrderFromStateQuery.xib; sourceTree = "<group>"; };
		10916C5B188E0288006E20BA /* ReturnGoods.h */ = {isa = PBXFileReference; fileEncoding = 4; lastKnownFileType = sourcecode.c.h; path = ReturnGoods.h; sourceTree = "<group>"; };
		10916C5C188E0288006E20BA /* ReturnGoods.m */ = {isa = PBXFileReference; fileEncoding = 4; lastKnownFileType = sourcecode.c.objc; path = ReturnGoods.m; sourceTree = "<group>"; };
		10916C5D188E0288006E20BA /* ReturnGoods.xib */ = {isa = PBXFileReference; fileEncoding = 4; lastKnownFileType = file.xib; path = ReturnGoods.xib; sourceTree = "<group>"; };
		10916C5E188E0288006E20BA /* subscribeTelServices.h */ = {isa = PBXFileReference; fileEncoding = 4; lastKnownFileType = sourcecode.c.h; path = subscribeTelServices.h; sourceTree = "<group>"; };
		10916C5F188E0288006E20BA /* subscribeTelServices.m */ = {isa = PBXFileReference; fileEncoding = 4; lastKnownFileType = sourcecode.c.objc; path = subscribeTelServices.m; sourceTree = "<group>"; };
		10916C60188E0288006E20BA /* subscribeTelServices.xib */ = {isa = PBXFileReference; fileEncoding = 4; lastKnownFileType = file.xib; path = subscribeTelServices.xib; sourceTree = "<group>"; };
		10916C62188E0288006E20BA /* AddComment.h */ = {isa = PBXFileReference; fileEncoding = 4; lastKnownFileType = sourcecode.c.h; path = AddComment.h; sourceTree = "<group>"; };
		10916C63188E0288006E20BA /* AddComment.m */ = {isa = PBXFileReference; fileEncoding = 4; lastKnownFileType = sourcecode.c.objc; path = AddComment.m; sourceTree = "<group>"; };
		10916C64188E0288006E20BA /* AddComment.xib */ = {isa = PBXFileReference; fileEncoding = 4; lastKnownFileType = file.xib; path = AddComment.xib; sourceTree = "<group>"; };
		10916C6B188E0288006E20BA /* TakeDeliveryAddressManage.h */ = {isa = PBXFileReference; fileEncoding = 4; lastKnownFileType = sourcecode.c.h; path = TakeDeliveryAddressManage.h; sourceTree = "<group>"; };
		10916C6C188E0288006E20BA /* TakeDeliveryAddressManage.m */ = {isa = PBXFileReference; fileEncoding = 4; lastKnownFileType = sourcecode.c.objc; path = TakeDeliveryAddressManage.m; sourceTree = "<group>"; };
		10916C6D188E0288006E20BA /* TakeDeliveryAddressManage.xib */ = {isa = PBXFileReference; fileEncoding = 4; lastKnownFileType = file.xib; path = TakeDeliveryAddressManage.xib; sourceTree = "<group>"; };
		10916C6E188E0288006E20BA /* JD_Login.h */ = {isa = PBXFileReference; fileEncoding = 4; lastKnownFileType = sourcecode.c.h; path = JD_Login.h; sourceTree = "<group>"; };
		10916C6F188E0288006E20BA /* JD_Login.m */ = {isa = PBXFileReference; fileEncoding = 4; lastKnownFileType = sourcecode.c.objc; path = JD_Login.m; sourceTree = "<group>"; };
		10916C70188E0288006E20BA /* JD_Login.xib */ = {isa = PBXFileReference; fileEncoding = 4; lastKnownFileType = file.xib; path = JD_Login.xib; sourceTree = "<group>"; };
		10916C71188E0288006E20BA /* JD_Register.h */ = {isa = PBXFileReference; fileEncoding = 4; lastKnownFileType = sourcecode.c.h; path = JD_Register.h; sourceTree = "<group>"; };
		10916C72188E0288006E20BA /* JD_Register.m */ = {isa = PBXFileReference; fileEncoding = 4; lastKnownFileType = sourcecode.c.objc; path = JD_Register.m; sourceTree = "<group>"; };
		10916C73188E0288006E20BA /* JD_Register.xib */ = {isa = PBXFileReference; fileEncoding = 4; lastKnownFileType = file.xib; path = JD_Register.xib; sourceTree = "<group>"; };
		10916C74188E0288006E20BA /* MoreView.h */ = {isa = PBXFileReference; fileEncoding = 4; lastKnownFileType = sourcecode.c.h; path = MoreView.h; sourceTree = "<group>"; };
		10916C75188E0288006E20BA /* MoreView.m */ = {isa = PBXFileReference; fileEncoding = 4; lastKnownFileType = sourcecode.c.objc; path = MoreView.m; sourceTree = "<group>"; };
		10916C76188E0288006E20BA /* MoreView.xib */ = {isa = PBXFileReference; fileEncoding = 4; lastKnownFileType = file.xib; path = MoreView.xib; sourceTree = "<group>"; };
		10916C77188E0288006E20BA /* RetrievePassword.h */ = {isa = PBXFileReference; fileEncoding = 4; lastKnownFileType = sourcecode.c.h; path = RetrievePassword.h; sourceTree = "<group>"; };
		10916C78188E0288006E20BA /* RetrievePassword.m */ = {isa = PBXFileReference; fileEncoding = 4; lastKnownFileType = sourcecode.c.objc; path = RetrievePassword.m; sourceTree = "<group>"; };
		10916C79188E0288006E20BA /* RetrievePassword.xib */ = {isa = PBXFileReference; fileEncoding = 4; lastKnownFileType = file.xib; path = RetrievePassword.xib; sourceTree = "<group>"; };
		10916C9C188E0380006E20BA /* AccountSafety.png */ = {isa = PBXFileReference; lastKnownFileType = image.png; path = AccountSafety.png; sourceTree = "<group>"; };
		10916C9E188E039A006E20BA /* user_header_placeholder@2x.png */ = {isa = PBXFileReference; lastKnownFileType = image.png; path = "user_header_placeholder@2x.png"; sourceTree = "<group>"; };
		10916CA0188E4A33006E20BA /* Goodsretail.h */ = {isa = PBXFileReference; fileEncoding = 4; lastKnownFileType = sourcecode.c.h; path = Goodsretail.h; sourceTree = "<group>"; };
		10916CA1188E4A33006E20BA /* Goodsretail.m */ = {isa = PBXFileReference; fileEncoding = 4; lastKnownFileType = sourcecode.c.objc; path = Goodsretail.m; sourceTree = "<group>"; };
		10916CA2188E4A34006E20BA /* Goodsretail.xib */ = {isa = PBXFileReference; fileEncoding = 4; lastKnownFileType = file.xib; path = Goodsretail.xib; sourceTree = "<group>"; };
		1099C940187F8976005A2B81 /* JD_1.png */ = {isa = PBXFileReference; lastKnownFileType = image.png; name = JD_1.png; path = ../JD_1.png; sourceTree = "<group>"; };
		1099C941187F8976005A2B81 /* JD_1@2x.png */ = {isa = PBXFileReference; lastKnownFileType = image.png; name = "JD_1@2x.png"; path = "../JD_1@2x.png"; sourceTree = "<group>"; };
		1099C945187F8A7A005A2B81 /* myjd_adress@2x.png */ = {isa = PBXFileReference; lastKnownFileType = image.png; path = "myjd_adress@2x.png"; sourceTree = "<group>"; };
		1099C946187F8A7A005A2B81 /* myjd_allOrder@2x.png */ = {isa = PBXFileReference; lastKnownFileType = image.png; path = "myjd_allOrder@2x.png"; sourceTree = "<group>"; };
		1099C947187F8A7A005A2B81 /* myjd_defalut_background.png */ = {isa = PBXFileReference; lastKnownFileType = image.png; path = myjd_defalut_background.png; sourceTree = "<group>"; };
		1099C948187F8A7A005A2B81 /* myjd_defalut_background@2x.png */ = {isa = PBXFileReference; lastKnownFileType = image.png; path = "myjd_defalut_background@2x.png"; sourceTree = "<group>"; };
		1099C949187F8A7A005A2B81 /* myjd_head_background.png */ = {isa = PBXFileReference; lastKnownFileType = image.png; path = myjd_head_background.png; sourceTree = "<group>"; };
		1099C94A187F8A7A005A2B81 /* myjd_head_background@2x.png */ = {isa = PBXFileReference; lastKnownFileType = image.png; path = "myjd_head_background@2x.png"; sourceTree = "<group>"; };
		1099C94B187F8A7A005A2B81 /* myjd_message@2x.png */ = {isa = PBXFileReference; lastKnownFileType = image.png; path = "myjd_message@2x.png"; sourceTree = "<group>"; };
		1099C94C187F8A7A005A2B81 /* myjd_orderStat@2x.png */ = {isa = PBXFileReference; lastKnownFileType = image.png; path = "myjd_orderStat@2x.png"; sourceTree = "<group>"; };
		1099C94D187F8A7A005A2B81 /* myjd_returnWare@2x.png */ = {isa = PBXFileReference; lastKnownFileType = image.png; path = "myjd_returnWare@2x.png"; sourceTree = "<group>"; };
		1099C94E187F8A7A005A2B81 /* myjd_share@2x.png */ = {isa = PBXFileReference; lastKnownFileType = image.png; path = "myjd_share@2x.png"; sourceTree = "<group>"; };
		1099C94F187F8A7A005A2B81 /* myjd_tbis@2x.png */ = {isa = PBXFileReference; lastKnownFileType = image.png; path = "myjd_tbis@2x.png"; sourceTree = "<group>"; };
		1099C950187F8A7A005A2B81 /* myjd_waitOrder@2x.png */ = {isa = PBXFileReference; lastKnownFileType = image.png; path = "myjd_waitOrder@2x.png"; sourceTree = "<group>"; };
		1099C951187F8A7A005A2B81 /* myjd_warehistory@2x.png */ = {isa = PBXFileReference; lastKnownFileType = image.png; path = "myjd_warehistory@2x.png"; sourceTree = "<group>"; };
		1099C952187F8A7A005A2B81 /* myStow-icon@2x.png */ = {isa = PBXFileReference; lastKnownFileType = image.png; path = "myStow-icon@2x.png"; sourceTree = "<group>"; };
		1099C961187F8A85005A2B81 /* Login.png */ = {isa = PBXFileReference; lastKnownFileType = image.png; path = Login.png; sourceTree = "<group>"; };
		1099C962187F8A85005A2B81 /* login@2x.png */ = {isa = PBXFileReference; lastKnownFileType = image.png; path = "login@2x.png"; sourceTree = "<group>"; };
		1099C963187F8A85005A2B81 /* myjd_accountSafe@2x.png */ = {isa = PBXFileReference; lastKnownFileType = image.png; path = "myjd_accountSafe@2x.png"; sourceTree = "<group>"; };
		1099C968187F8A8B005A2B81 /* more_about@2x.png */ = {isa = PBXFileReference; lastKnownFileType = image.png; path = "more_about@2x.png"; sourceTree = "<group>"; };
		1099C969187F8A8B005A2B81 /* more_commend@2x.png */ = {isa = PBXFileReference; lastKnownFileType = image.png; path = "more_commend@2x.png"; sourceTree = "<group>"; };
		1099C96A187F8A8B005A2B81 /* more_feed@2x.png */ = {isa = PBXFileReference; lastKnownFileType = image.png; path = "more_feed@2x.png"; sourceTree = "<group>"; };
		1099C96B187F8A8B005A2B81 /* more_help@2x.png */ = {isa = PBXFileReference; lastKnownFileType = image.png; path = "more_help@2x.png"; sourceTree = "<group>"; };
		1099C96C187F8A8B005A2B81 /* more_like@2x.png */ = {isa = PBXFileReference; lastKnownFileType = image.png; path = "more_like@2x.png"; sourceTree = "<group>"; };
		1099C96D187F8A8B005A2B81 /* more_setting@2x.png */ = {isa = PBXFileReference; lastKnownFileType = image.png; path = "more_setting@2x.png"; sourceTree = "<group>"; };
		1099C96E187F8A8B005A2B81 /* more_update@2x.png */ = {isa = PBXFileReference; lastKnownFileType = image.png; path = "more_update@2x.png"; sourceTree = "<group>"; };
		1099C977187F8A90005A2B81 /* checkbox_1.png */ = {isa = PBXFileReference; lastKnownFileType = image.png; path = checkbox_1.png; sourceTree = "<group>"; };
		1099C978187F8A90005A2B81 /* checkbox_1@2x.png */ = {isa = PBXFileReference; lastKnownFileType = image.png; path = "checkbox_1@2x.png"; sourceTree = "<group>"; };
		1099C979187F8A90005A2B81 /* radiobox_0.png */ = {isa = PBXFileReference; lastKnownFileType = image.png; path = radiobox_0.png; sourceTree = "<group>"; };
		1099C97A187F8A90005A2B81 /* radiobox_0@2x.png */ = {isa = PBXFileReference; lastKnownFileType = image.png; path = "radiobox_0@2x.png"; sourceTree = "<group>"; };
		1099C97B187F8A90005A2B81 /* Register.png */ = {isa = PBXFileReference; lastKnownFileType = image.png; path = Register.png; sourceTree = "<group>"; };
		109C829B187B9167000A9975 /* QuartzCore.framework */ = {isa = PBXFileReference; lastKnownFileType = wrapper.framework; name = QuartzCore.framework; path = System/Library/Frameworks/QuartzCore.framework; sourceTree = SDKROOT; };
		109D68E4188D108B000F06AC /* JD_NetworkPrompt.h */ = {isa = PBXFileReference; fileEncoding = 4; lastKnownFileType = sourcecode.c.h; path = JD_NetworkPrompt.h; sourceTree = SOURCE_ROOT; };
		109D68E5188D108B000F06AC /* JD_NetworkPrompt.m */ = {isa = PBXFileReference; fileEncoding = 4; lastKnownFileType = sourcecode.c.objc; path = JD_NetworkPrompt.m; sourceTree = SOURCE_ROOT; };
		10DF345F1888BE5100E7712F /* JD_Review.h */ = {isa = PBXFileReference; fileEncoding = 4; lastKnownFileType = sourcecode.c.h; path = JD_Review.h; sourceTree = "<group>"; };
		10DF34601888BE5100E7712F /* JD_Review.m */ = {isa = PBXFileReference; fileEncoding = 4; lastKnownFileType = sourcecode.c.objc; path = JD_Review.m; sourceTree = "<group>"; };
		10DF34611888BE5100E7712F /* JD_Review.xib */ = {isa = PBXFileReference; fileEncoding = 4; lastKnownFileType = file.xib; path = JD_Review.xib; sourceTree = "<group>"; };
		10EF7F48187A987700762C73 /* Navigation.png */ = {isa = PBXFileReference; lastKnownFileType = image.png; path = Navigation.png; sourceTree = "<group>"; };
		10EFCCF318765628009F4AB4 /* 京东商城.app */ = {isa = PBXFileReference; explicitFileType = wrapper.application; includeInIndex = 0; path = "京东商城.app"; sourceTree = BUILT_PRODUCTS_DIR; };
		10EFCCF618765628009F4AB4 /* UIKit.framework */ = {isa = PBXFileReference; lastKnownFileType = wrapper.framework; name = UIKit.framework; path = System/Library/Frameworks/UIKit.framework; sourceTree = SDKROOT; };
		10EFCCF818765628009F4AB4 /* Foundation.framework */ = {isa = PBXFileReference; lastKnownFileType = wrapper.framework; name = Foundation.framework; path = System/Library/Frameworks/Foundation.framework; sourceTree = SDKROOT; };
		10EFCCFA18765628009F4AB4 /* CoreGraphics.framework */ = {isa = PBXFileReference; lastKnownFileType = wrapper.framework; name = CoreGraphics.framework; path = System/Library/Frameworks/CoreGraphics.framework; sourceTree = SDKROOT; };
		10EFCCFE18765628009F4AB4 /* 京东商城-Info.plist */ = {isa = PBXFileReference; lastKnownFileType = text.plist.xml; path = "京东商城-Info.plist"; sourceTree = "<group>"; };
		10EFCD0018765628009F4AB4 /* en */ = {isa = PBXFileReference; lastKnownFileType = text.plist.strings; name = en; path = en.lproj/InfoPlist.strings; sourceTree = "<group>"; };
		10EFCD0218765628009F4AB4 /* main.m */ = {isa = PBXFileReference; lastKnownFileType = sourcecode.c.objc; path = main.m; sourceTree = "<group>"; };
		10EFCD0418765628009F4AB4 /* 京东商城-Prefix.pch */ = {isa = PBXFileReference; lastKnownFileType = sourcecode.c.h; path = "京东商城-Prefix.pch"; sourceTree = "<group>"; };
		10EFCD0518765628009F4AB4 /* AppDelegate.h */ = {isa = PBXFileReference; lastKnownFileType = sourcecode.c.h; path = AppDelegate.h; sourceTree = "<group>"; };
		10EFCD0618765628009F4AB4 /* AppDelegate.m */ = {isa = PBXFileReference; lastKnownFileType = sourcecode.c.objc; path = AppDelegate.m; sourceTree = "<group>"; };
		10EFCD0818765628009F4AB4 /* Default.png */ = {isa = PBXFileReference; lastKnownFileType = image.png; path = Default.png; sourceTree = "<group>"; };
		10EFCD0A18765628009F4AB4 /* Default@2x.png */ = {isa = PBXFileReference; lastKnownFileType = image.png; path = "Default@2x.png"; sourceTree = "<group>"; };
		10EFCD0C18765628009F4AB4 /* Default-568h@2x.png */ = {isa = PBXFileReference; lastKnownFileType = image.png; path = "Default-568h@2x.png"; sourceTree = "<group>"; };
		10EFCD2318765719009F4AB4 /* JD_Home_Page.h */ = {isa = PBXFileReference; fileEncoding = 4; lastKnownFileType = sourcecode.c.h; path = JD_Home_Page.h; sourceTree = "<group>"; };
		10EFCD2418765719009F4AB4 /* JD_Home_Page.m */ = {isa = PBXFileReference; fileEncoding = 4; lastKnownFileType = sourcecode.c.objc; path = JD_Home_Page.m; sourceTree = "<group>"; };
		10EFCD2518765719009F4AB4 /* JD_Home_Page.xib */ = {isa = PBXFileReference; fileEncoding = 4; lastKnownFileType = file.xib; path = JD_Home_Page.xib; sourceTree = "<group>"; };
		10EFCD3E18765A95009F4AB4 /* icon_29x29.png */ = {isa = PBXFileReference; lastKnownFileType = image.png; path = icon_29x29.png; sourceTree = "<group>"; };
		10EFCD3F18765A95009F4AB4 /* icon_58x58.png */ = {isa = PBXFileReference; lastKnownFileType = image.png; path = icon_58x58.png; sourceTree = "<group>"; };
		10EFCD4018765A95009F4AB4 /* icon_80x80.png */ = {isa = PBXFileReference; lastKnownFileType = image.png; path = icon_80x80.png; sourceTree = "<group>"; };
		10EFCD4118765A95009F4AB4 /* icon_120x120.png */ = {isa = PBXFileReference; lastKnownFileType = image.png; path = icon_120x120.png; sourceTree = "<group>"; };
		10EFCD4218765A95009F4AB4 /* icon-72.png */ = {isa = PBXFileReference; lastKnownFileType = image.png; path = "icon-72.png"; sourceTree = "<group>"; };
		10EFCD4318765A95009F4AB4 /* icon.png */ = {isa = PBXFileReference; lastKnownFileType = image.png; path = icon.png; sourceTree = "<group>"; };
		10EFCD4418765A95009F4AB4 /* icon@2x.png */ = {isa = PBXFileReference; lastKnownFileType = image.png; path = "icon@2x.png"; sourceTree = "<group>"; };
		10EFCD83187694E4009F4AB4 /* JD_WelcomeView.h */ = {isa = PBXFileReference; fileEncoding = 4; lastKnownFileType = sourcecode.c.h; path = JD_WelcomeView.h; sourceTree = "<group>"; };
		10EFCD84187694E4009F4AB4 /* JD_WelcomeView.m */ = {isa = PBXFileReference; fileEncoding = 4; lastKnownFileType = sourcecode.c.objc; path = JD_WelcomeView.m; sourceTree = "<group>"; };
		10EFCD85187694E4009F4AB4 /* JD_WelcomeView.xib */ = {isa = PBXFileReference; fileEncoding = 4; lastKnownFileType = file.xib; path = JD_WelcomeView.xib; sourceTree = "<group>"; };
		10EFCD8B1876965E009F4AB4 /* JD_Search.h */ = {isa = PBXFileReference; fileEncoding = 4; lastKnownFileType = sourcecode.c.h; path = JD_Search.h; sourceTree = "<group>"; };
		10EFCD8C1876965E009F4AB4 /* JD_Search.m */ = {isa = PBXFileReference; fileEncoding = 4; lastKnownFileType = sourcecode.c.objc; path = JD_Search.m; sourceTree = "<group>"; };
		10EFCD8D1876965E009F4AB4 /* JD_Search.xib */ = {isa = PBXFileReference; fileEncoding = 4; lastKnownFileType = file.xib; path = JD_Search.xib; sourceTree = "<group>"; };
		10EFCD901876966D009F4AB4 /* JD_ShopCar.h */ = {isa = PBXFileReference; fileEncoding = 4; lastKnownFileType = sourcecode.c.h; path = JD_ShopCar.h; sourceTree = "<group>"; };
		10EFCD911876966D009F4AB4 /* JD_ShopCar.m */ = {isa = PBXFileReference; fileEncoding = 4; lastKnownFileType = sourcecode.c.objc; path = JD_ShopCar.m; sourceTree = "<group>"; };
		10EFCD921876966D009F4AB4 /* JD_ShopCar.xib */ = {isa = PBXFileReference; fileEncoding = 4; lastKnownFileType = file.xib; path = JD_ShopCar.xib; sourceTree = "<group>"; };
		10EFCDAB18769DC7009F4AB4 /* tabBar_item0_1@2x.png */ = {isa = PBXFileReference; lastKnownFileType = image.png; path = "tabBar_item0_1@2x.png"; sourceTree = "<group>"; };
		10EFCDAD18769DD1009F4AB4 /* tabBar_item1_1@2x.png */ = {isa = PBXFileReference; lastKnownFileType = image.png; path = "tabBar_item1_1@2x.png"; sourceTree = "<group>"; };
		10EFCDAF18769DE1009F4AB4 /* tabBar_item2_1@2x.png */ = {isa = PBXFileReference; lastKnownFileType = image.png; path = "tabBar_item2_1@2x.png"; sourceTree = "<group>"; };
		10EFCDB118769DED009F4AB4 /* tabBar_item3_1@2x.png */ = {isa = PBXFileReference; lastKnownFileType = image.png; path = "tabBar_item3_1@2x.png"; sourceTree = "<group>"; };
		10EFCDB318769DFD009F4AB4 /* tabBar_item4_1@2x.png */ = {isa = PBXFileReference; lastKnownFileType = image.png; path = "tabBar_item4_1@2x.png"; sourceTree = "<group>"; };
/* End PBXFileReference section */

/* Begin PBXFrameworksBuildPhase section */
		10EFCCF018765628009F4AB4 /* Frameworks */ = {
			isa = PBXFrameworksBuildPhase;
			buildActionMask = 2147483647;
			files = (
				100A9A2D187D3B7E006487D8 /* CFNetwork.framework in Frameworks */,
				100A9A2B187D3B78006487D8 /* SystemConfiguration.framework in Frameworks */,
				100A9A29187D3B70006487D8 /* MobileCoreServices.framework in Frameworks */,
				100A9A27187D3B6B006487D8 /* libz.1.2.5.dylib in Frameworks */,
				100A9A25187D3B63006487D8 /* libxml2.dylib in Frameworks */,
				109C829C187B9167000A9975 /* QuartzCore.framework in Frameworks */,
				10EFCCF718765628009F4AB4 /* UIKit.framework in Frameworks */,
				10EFCCF918765628009F4AB4 /* Foundation.framework in Frameworks */,
				10EFCCFB18765628009F4AB4 /* CoreGraphics.framework in Frameworks */,
			);
			runOnlyForDeploymentPostprocessing = 0;
		};
/* End PBXFrameworksBuildPhase section */

/* Begin PBXGroup section */
		100A99DD187CE8F4006487D8 /* JD_Goods */ = {
			isa = PBXGroup;
			children = (
				1017DA06188624AF00AA9CB1 /* StarView.h */,
				1017DA07188624AF00AA9CB1 /* StarView.m */,
				1017DA09188624C000AA9CB1 /* CustomView.h */,
				1017DA0A188624C000AA9CB1 /* CustomView.m */,
				100A99E3187CEBEB006487D8 /* JD_Goods.h */,
				100A99E4187CEBEB006487D8 /* JD_Goods.m */,
				100A99E5187CEBEB006487D8 /* JD_Goods.xib */,
				100A99E8187CEC03006487D8 /* JD_Goods_Info */,
				100A99E9187CEC10006487D8 /* JD_Goods_Evaluate */,
			);
			name = JD_Goods;
			path = ..;
			sourceTree = "<group>";
		};
		100A99E8187CEC03006487D8 /* JD_Goods_Info */ = {
			isa = PBXGroup;
			children = (
				100A99EA187CEC91006487D8 /* JD_Goods_Info.h */,
				100A99EB187CEC91006487D8 /* JD_Goods_Info.m */,
				100A99EC187CEC91006487D8 /* JD_Goods_Info.xib */,
			);
			name = JD_Goods_Info;
			sourceTree = "<group>";
		};
		100A99E9187CEC10006487D8 /* JD_Goods_Evaluate */ = {
			isa = PBXGroup;
			children = (
				100A99EF187CECB1006487D8 /* JD_Goods_Evaluate.h */,
				100A99F0187CECB1006487D8 /* JD_Goods_Evaluate.m */,
				100A99F1187CECB1006487D8 /* JD_Goods_Evaluate.xib */,
			);
			name = JD_Goods_Evaluate;
			sourceTree = "<group>";
		};
		100A9A23187D3B18006487D8 /* JD_DataManager */ = {
			isa = PBXGroup;
			children = (
				109D68E4188D108B000F06AC /* JD_NetworkPrompt.h */,
				109D68E5188D108B000F06AC /* JD_NetworkPrompt.m */,
				100A99DA187CE81B006487D8 /* JD_DataManager.h */,
				100A99DB187CE81B006487D8 /* JD_DataManager.m */,
			);
			name = JD_DataManager;
			sourceTree = "<group>";
		};
		1017D9FD1886214600AA9CB1 /* JD_Image */ = {
			isa = PBXGroup;
			children = (
				10916C9E188E039A006E20BA /* user_header_placeholder@2x.png */,
				104140A3188CC1B3005B3BFB /* delete.png */,
				104140A4188CC1B3005B3BFB /* more.png */,
				1017D9FE1886246D00AA9CB1 /* star_light.png */,
				1017D9FF1886246D00AA9CB1 /* star_light@2x.png */,
				1017DA001886246D00AA9CB1 /* star_dark.png */,
				1017DA011886246E00AA9CB1 /* star_dark@2x.png */,
				1099C940187F8976005A2B81 /* JD_1.png */,
				1099C941187F8976005A2B81 /* JD_1@2x.png */,
				100A99FA187D247A006487D8 /* back.png */,
				100A99F7187D2300006487D8 /* car.png */,
				1026237A187E710B00116DB2 /* into.png */,
				107FA173187E940400286CF8 /* self.png */,
				107FA175187E9E4600286CF8 /* title_back.png */,
				107FA176187E9E4600286CF8 /* title_back@2x.png */,
				1043235E187FD55A0095C3FD /* white.png */,
				104140A1188CA7D1005B3BFB /* select.png */,
			);
			name = JD_Image;
			sourceTree = "<group>";
		};
		1065D8B9187E30F40068D9B7 /* ASIHttpRequestX */ = {
			isa = PBXGroup;
			children = (
				1065D8BA187E30F40068D9B7 /* ASIAuthenticationDialog.h */,
				1065D8BB187E30F40068D9B7 /* ASIAuthenticationDialog.m */,
				1065D8BC187E30F40068D9B7 /* ASICacheDelegate.h */,
				1065D8BD187E30F40068D9B7 /* ASIDataCompressor.h */,
				1065D8BE187E30F40068D9B7 /* ASIDataCompressor.m */,
				1065D8BF187E30F40068D9B7 /* ASIDataDecompressor.h */,
				1065D8C0187E30F40068D9B7 /* ASIDataDecompressor.m */,
				1065D8C1187E30F40068D9B7 /* ASIDownloadCache.h */,
				1065D8C2187E30F40068D9B7 /* ASIDownloadCache.m */,
				1065D8C3187E30F40068D9B7 /* ASIFormDataRequest.h */,
				1065D8C4187E30F40068D9B7 /* ASIFormDataRequest.m */,
				1065D8C5187E30F40068D9B7 /* ASIHTTPRequest.h */,
				1065D8C6187E30F40068D9B7 /* ASIHTTPRequest.m */,
				1065D8C7187E30F40068D9B7 /* ASIHTTPRequestConfig.h */,
				1065D8C8187E30F40068D9B7 /* ASIHTTPRequestDelegate.h */,
				1065D8C9187E30F40068D9B7 /* ASIInputStream.h */,
				1065D8CA187E30F40068D9B7 /* ASIInputStream.m */,
				1065D8CB187E30F40068D9B7 /* ASINetworkQueue.h */,
				1065D8CC187E30F40068D9B7 /* ASINetworkQueue.m */,
				1065D8CD187E30F40068D9B7 /* ASIProgressDelegate.h */,
				1065D8CE187E30F40068D9B7 /* ASIWebPageRequest */,
				1065D8D1187E30F40068D9B7 /* Reachability */,
			);
			path = ASIHttpRequestX;
			sourceTree = "<group>";
		};
		1065D8CE187E30F40068D9B7 /* ASIWebPageRequest */ = {
			isa = PBXGroup;
			children = (
				1065D8CF187E30F40068D9B7 /* ASIWebPageRequest.h */,
				1065D8D0187E30F40068D9B7 /* ASIWebPageRequest.m */,
			);
			path = ASIWebPageRequest;
			sourceTree = "<group>";
		};
		1065D8D1187E30F40068D9B7 /* Reachability */ = {
			isa = PBXGroup;
			children = (
				1065D8D2187E30F40068D9B7 /* Reachability.h */,
				1065D8D3187E30F40068D9B7 /* Reachability.m */,
			);
			path = Reachability;
			sourceTree = "<group>";
		};
		10916C43188E0288006E20BA /* JD_AccountManage */ = {
			isa = PBXGroup;
			children = (
				10916C44188E0288006E20BA /* JD_AccountManage.h */,
				10916C45188E0288006E20BA /* JD_AccountManage.m */,
				10916C46188E0288006E20BA /* JD_AccountManage.xib */,
				10916C47188E0288006E20BA /* JD_Function */,
				10916C6E188E0288006E20BA /* JD_Login.h */,
				10916C6F188E0288006E20BA /* JD_Login.m */,
				10916C70188E0288006E20BA /* JD_Login.xib */,
				10916C71188E0288006E20BA /* JD_Register.h */,
				10916C72188E0288006E20BA /* JD_Register.m */,
				10916C73188E0288006E20BA /* JD_Register.xib */,
				10916C74188E0288006E20BA /* MoreView.h */,
				10916C75188E0288006E20BA /* MoreView.m */,
				10916C76188E0288006E20BA /* MoreView.xib */,
				10916C77188E0288006E20BA /* RetrievePassword.h */,
				10916C78188E0288006E20BA /* RetrievePassword.m */,
				10916C79188E0288006E20BA /* RetrievePassword.xib */,
			);
			path = JD_AccountManage;
			sourceTree = "<group>";
		};
		10916C47188E0288006E20BA /* JD_Function */ = {
			isa = PBXGroup;
			children = (
				10916C48188E0288006E20BA /* AccountSafety.h */,
				10916C49188E0288006E20BA /* AccountSafety.m */,
				10916C4A188E0288006E20BA /* AccountSafety.xib */,
				10916C4B188E0288006E20BA /* AllOrderFrom */,
				10916C52188E0288006E20BA /* GoodsEvaluationOrSingleOrder.h */,
				10916C53188E0288006E20BA /* GoodsEvaluationOrSingleOrder.m */,
				10916C54188E0288006E20BA /* GoodsEvaluationOrSingleOrder.xib */,
				10916C55188E0288006E20BA /* ObligationQuery.h */,
				10916C56188E0288006E20BA /* ObligationQuery.m */,
				10916C57188E0288006E20BA /* ObligationQuery.xib */,
				10916C58188E0288006E20BA /* OrderFromStateQuery.h */,
				10916C59188E0288006E20BA /* OrderFromStateQuery.m */,
				10916C5A188E0288006E20BA /* OrderFromStateQuery.xib */,
				10916C5B188E0288006E20BA /* ReturnGoods.h */,
				10916C5C188E0288006E20BA /* ReturnGoods.m */,
				10916C5D188E0288006E20BA /* ReturnGoods.xib */,
				10916C5E188E0288006E20BA /* subscribeTelServices.h */,
				10916C5F188E0288006E20BA /* subscribeTelServices.m */,
				10916C60188E0288006E20BA /* subscribeTelServices.xib */,
				10916C61188E0288006E20BA /* TakeDeliveryAddressManage */,
			);
			path = JD_Function;
			sourceTree = "<group>";
		};
		10916C4B188E0288006E20BA /* AllOrderFrom */ = {
			isa = PBXGroup;
			children = (
				10916C4C188E0288006E20BA /* AllOrderFrom.h */,
				10916C4D188E0288006E20BA /* AllOrderFrom.m */,
				10916C4E188E0288006E20BA /* AllOrderFrom.xib */,
				10916C4F188E0288006E20BA /* Orderetail.h */,
				10916C50188E0288006E20BA /* Orderetail.m */,
				10916C51188E0288006E20BA /* Orderetail.xib */,
				10916CA0188E4A33006E20BA /* Goodsretail.h */,
				10916CA1188E4A33006E20BA /* Goodsretail.m */,
				10916CA2188E4A34006E20BA /* Goodsretail.xib */,
			);
			path = AllOrderFrom;
			sourceTree = "<group>";
		};
		10916C61188E0288006E20BA /* TakeDeliveryAddressManage */ = {
			isa = PBXGroup;
			children = (
				10916C6B188E0288006E20BA /* TakeDeliveryAddressManage.h */,
				10916C6C188E0288006E20BA /* TakeDeliveryAddressManage.m */,
				10916C6D188E0288006E20BA /* TakeDeliveryAddressManage.xib */,
				10916C62188E0288006E20BA /* AddComment.h */,
				10916C63188E0288006E20BA /* AddComment.m */,
				10916C64188E0288006E20BA /* AddComment.xib */,
				104F947F188E4E66007C021D /* AddressInfoViewController.h */,
				104F9480188E4E66007C021D /* AddressInfoViewController.m */,
				104F9481188E4E66007C021D /* AddressInfoViewController.xib */,
			);
			path = TakeDeliveryAddressManage;
			sourceTree = "<group>";
		};
		1099C944187F8A6E005A2B81 /* JD__Login_Images */ = {
			isa = PBXGroup;
			children = (
				1099C976187F8A90005A2B81 /* JD_UserLgin_Register_images */,
				1099C967187F8A8B005A2B81 /* JD_UserLgin_More_images */,
				1099C961187F8A85005A2B81 /* Login.png */,
				1099C962187F8A85005A2B81 /* login@2x.png */,
				1099C963187F8A85005A2B81 /* myjd_accountSafe@2x.png */,
				1099C945187F8A7A005A2B81 /* myjd_adress@2x.png */,
				1099C946187F8A7A005A2B81 /* myjd_allOrder@2x.png */,
				1099C947187F8A7A005A2B81 /* myjd_defalut_background.png */,
				1099C948187F8A7A005A2B81 /* myjd_defalut_background@2x.png */,
				1099C949187F8A7A005A2B81 /* myjd_head_background.png */,
				1099C94A187F8A7A005A2B81 /* myjd_head_background@2x.png */,
				1099C94B187F8A7A005A2B81 /* myjd_message@2x.png */,
				1099C94C187F8A7A005A2B81 /* myjd_orderStat@2x.png */,
				1099C94D187F8A7A005A2B81 /* myjd_returnWare@2x.png */,
				1099C94E187F8A7A005A2B81 /* myjd_share@2x.png */,
				1099C94F187F8A7A005A2B81 /* myjd_tbis@2x.png */,
				1099C950187F8A7A005A2B81 /* myjd_waitOrder@2x.png */,
				1099C951187F8A7A005A2B81 /* myjd_warehistory@2x.png */,
				1099C952187F8A7A005A2B81 /* myStow-icon@2x.png */,
			);
			path = JD__Login_Images;
			sourceTree = "<group>";
		};
		1099C967187F8A8B005A2B81 /* JD_UserLgin_More_images */ = {
			isa = PBXGroup;
			children = (
				1099C968187F8A8B005A2B81 /* more_about@2x.png */,
				1099C969187F8A8B005A2B81 /* more_commend@2x.png */,
				1099C96A187F8A8B005A2B81 /* more_feed@2x.png */,
				1099C96B187F8A8B005A2B81 /* more_help@2x.png */,
				1099C96C187F8A8B005A2B81 /* more_like@2x.png */,
				1099C96D187F8A8B005A2B81 /* more_setting@2x.png */,
				1099C96E187F8A8B005A2B81 /* more_update@2x.png */,
			);
			path = JD_UserLgin_More_images;
			sourceTree = "<group>";
		};
		1099C976187F8A90005A2B81 /* JD_UserLgin_Register_images */ = {
			isa = PBXGroup;
			children = (
				1099C977187F8A90005A2B81 /* checkbox_1.png */,
				1099C978187F8A90005A2B81 /* checkbox_1@2x.png */,
				1099C979187F8A90005A2B81 /* radiobox_0.png */,
				1099C97A187F8A90005A2B81 /* radiobox_0@2x.png */,
				1099C97B187F8A90005A2B81 /* Register.png */,
			);
			path = JD_UserLgin_Register_images;
			sourceTree = "<group>";
		};
		109C82A2187BBC73000A9975 /* JD__Comm_Data */ = {
			isa = PBXGroup;
			children = (
				100A9A23187D3B18006487D8 /* JD_DataManager */,
			);
			name = JD__Comm_Data;
			path = ../../../../Desktop/JD__Comm_Data;
			sourceTree = "<group>";
		};
		10DF345B1888BDF900E7712F /* JD_Review */ = {
			isa = PBXGroup;
			children = (
				10DF345F1888BE5100E7712F /* JD_Review.h */,
				10DF34601888BE5100E7712F /* JD_Review.m */,
				10DF34611888BE5100E7712F /* JD_Review.xib */,
			);
			name = JD_Review;
			sourceTree = "<group>";
		};
		10EF7F47187A986D00762C73 /* JD_NavigationButton */ = {
			isa = PBXGroup;
			children = (
				10EF7F48187A987700762C73 /* Navigation.png */,
			);
			path = JD_NavigationButton;
			sourceTree = "<group>";
		};
		10EFCCEA18765628009F4AB4 = {
			isa = PBXGroup;
			children = (
				10EFCCFC18765628009F4AB4 /* 京东商城 */,
				10EFCCF518765628009F4AB4 /* Frameworks */,
				10EFCCF418765628009F4AB4 /* Products */,
			);
			sourceTree = "<group>";
		};
		10EFCCF418765628009F4AB4 /* Products */ = {
			isa = PBXGroup;
			children = (
				10EFCCF318765628009F4AB4 /* 京东商城.app */,
			);
			name = Products;
			sourceTree = "<group>";
		};
		10EFCCF518765628009F4AB4 /* Frameworks */ = {
			isa = PBXGroup;
			children = (
				100A9A2C187D3B7E006487D8 /* CFNetwork.framework */,
				100A9A2A187D3B78006487D8 /* SystemConfiguration.framework */,
				100A9A28187D3B70006487D8 /* MobileCoreServices.framework */,
				100A9A26187D3B6B006487D8 /* libz.1.2.5.dylib */,
				100A9A24187D3B62006487D8 /* libxml2.dylib */,
				109C829B187B9167000A9975 /* QuartzCore.framework */,
				10EFCCF618765628009F4AB4 /* UIKit.framework */,
				10EFCCF818765628009F4AB4 /* Foundation.framework */,
				10EFCCFA18765628009F4AB4 /* CoreGraphics.framework */,
			);
			name = Frameworks;
			sourceTree = "<group>";
		};
		10EFCCFC18765628009F4AB4 /* 京东商城 */ = {
			isa = PBXGroup;
			children = (
				10EFCD0518765628009F4AB4 /* AppDelegate.h */,
				10EFCD0618765628009F4AB4 /* AppDelegate.m */,
				10916C43188E0288006E20BA /* JD_AccountManage */,
				10EFCD9C18769A21009F4AB4 /* JD_Comm */,
				10EFCD82187694D1009F4AB4 /* JD_Welcome */,
				10EFCD1918765680009F4AB4 /* JD_Home_Page */,
				10EFCD881876957A009F4AB4 /* JD_Search */,
				10EFCD8918769596009F4AB4 /* JD_ShopCar */,
				100A99DD187CE8F4006487D8 /* JD_Goods */,
				10DF345B1888BDF900E7712F /* JD_Review */,
				10EFCD3D18765A63009F4AB4 /* JD_ICon_Images */,
				10EFCCFD18765628009F4AB4 /* Supporting Files */,
			);
			path = "京东商城";
			sourceTree = "<group>";
		};
		10EFCCFD18765628009F4AB4 /* Supporting Files */ = {
			isa = PBXGroup;
			children = (
				10EFCCFE18765628009F4AB4 /* 京东商城-Info.plist */,
				10EFCCFF18765628009F4AB4 /* InfoPlist.strings */,
				10EFCD0218765628009F4AB4 /* main.m */,
				10EFCD0418765628009F4AB4 /* 京东商城-Prefix.pch */,
				10EFCD0818765628009F4AB4 /* Default.png */,
				10EFCD0A18765628009F4AB4 /* Default@2x.png */,
				10EFCD0C18765628009F4AB4 /* Default-568h@2x.png */,
			);
			name = "Supporting Files";
			sourceTree = "<group>";
		};
		10EFCD1918765680009F4AB4 /* JD_Home_Page */ = {
			isa = PBXGroup;
			children = (
				10EFCD7B187662D0009F4AB4 /* Home_PageImages */,
				10EFCD2318765719009F4AB4 /* JD_Home_Page.h */,
				10EFCD2418765719009F4AB4 /* JD_Home_Page.m */,
				10EFCD2518765719009F4AB4 /* JD_Home_Page.xib */,
			);
			name = JD_Home_Page;
			path = Home_Page;
			sourceTree = "<group>";
		};
		10EFCD3D18765A63009F4AB4 /* JD_ICon_Images */ = {
			isa = PBXGroup;
			children = (
				10EFCD3E18765A95009F4AB4 /* icon_29x29.png */,
				10EFCD3F18765A95009F4AB4 /* icon_58x58.png */,
				10EFCD4018765A95009F4AB4 /* icon_80x80.png */,
				10EFCD4118765A95009F4AB4 /* icon_120x120.png */,
				10EFCD4218765A95009F4AB4 /* icon-72.png */,
				10EFCD4318765A95009F4AB4 /* icon.png */,
				10EFCD4418765A95009F4AB4 /* icon@2x.png */,
			);
			path = JD_ICon_Images;
			sourceTree = "<group>";
		};
		10EFCD7B187662D0009F4AB4 /* Home_PageImages */ = {
			isa = PBXGroup;
			children = (
				104140B7188CF332005B3BFB /* logo.jpg */,
				104140A7188CEB50005B3BFB /* 55.png */,
				104140A8188CEB50005B3BFB /* 44.png */,
				104140A9188CEB50005B3BFB /* 33.png */,
				104140AA188CEB50005B3BFB /* 22.png */,
				104140AB188CEB50005B3BFB /* 11.png */,
			);
			path = Home_PageImages;
			sourceTree = "<group>";
		};
		10EFCD82187694D1009F4AB4 /* JD_Welcome */ = {
			isa = PBXGroup;
			children = (
				104140B1188CED3E005B3BFB /* welcom.png */,
				104140B2188CED3E005B3BFB /* welcom@2x.png */,
				10EFCD83187694E4009F4AB4 /* JD_WelcomeView.h */,
				10EFCD84187694E4009F4AB4 /* JD_WelcomeView.m */,
				10EFCD85187694E4009F4AB4 /* JD_WelcomeView.xib */,
			);
			path = JD_Welcome;
			sourceTree = "<group>";
		};
		10EFCD881876957A009F4AB4 /* JD_Search */ = {
			isa = PBXGroup;
			children = (
				10EFCD8B1876965E009F4AB4 /* JD_Search.h */,
				10EFCD8C1876965E009F4AB4 /* JD_Search.m */,
				10EFCD8D1876965E009F4AB4 /* JD_Search.xib */,
			);
			path = JD_Search;
			sourceTree = "<group>";
		};
		10EFCD8918769596009F4AB4 /* JD_ShopCar */ = {
			isa = PBXGroup;
			children = (
				101B188B1883E89C00D47DF8 /* rect_check1@2x.png */,
				101B188C1883E89C00D47DF8 /* rect_check2@2x.png */,
				101B188D1883E89C00D47DF8 /* round_check1@2x.png */,
				101B188E1883E89C00D47DF8 /* round_check2@2x.png */,
				10EFCD901876966D009F4AB4 /* JD_ShopCar.h */,
				10EFCD911876966D009F4AB4 /* JD_ShopCar.m */,
				10EFCD921876966D009F4AB4 /* JD_ShopCar.xib */,
			);
			path = JD_ShopCar;
			sourceTree = "<group>";
		};
		10EFCD9C18769A21009F4AB4 /* JD_Comm */ = {
			isa = PBXGroup;
			children = (
				1065D8B9187E30F40068D9B7 /* ASIHttpRequestX */,
				109C82A2187BBC73000A9975 /* JD__Comm_Data */,
				10EF7F47187A986D00762C73 /* JD_NavigationButton */,
				10EFCD9D18769A2C009F4AB4 /* JD_Comm_Images */,
			);
			path = JD_Comm;
			sourceTree = "<group>";
		};
		10EFCD9D18769A2C009F4AB4 /* JD_Comm_Images */ = {
			isa = PBXGroup;
			children = (
				10916C9C188E0380006E20BA /* AccountSafety.png */,
				1017D9FD1886214600AA9CB1 /* JD_Image */,
				1099C944187F8A6E005A2B81 /* JD__Login_Images */,
				10EFCDAA18769D86009F4AB4 /* JD_Tabbar_Images */,
			);
			path = JD_Comm_Images;
			sourceTree = "<group>";
		};
		10EFCDAA18769D86009F4AB4 /* JD_Tabbar_Images */ = {
			isa = PBXGroup;
			children = (
				10EFCDB318769DFD009F4AB4 /* tabBar_item4_1@2x.png */,
				10EFCDAD18769DD1009F4AB4 /* tabBar_item1_1@2x.png */,
				10EFCDB118769DED009F4AB4 /* tabBar_item3_1@2x.png */,
				10EFCDAF18769DE1009F4AB4 /* tabBar_item2_1@2x.png */,
				10EFCDAB18769DC7009F4AB4 /* tabBar_item0_1@2x.png */,
			);
			path = JD_Tabbar_Images;
			sourceTree = "<group>";
		};
/* End PBXGroup section */

/* Begin PBXNativeTarget section */
		10EFCCF218765628009F4AB4 /* 京东商城 */ = {
			isa = PBXNativeTarget;
			buildConfigurationList = 10EFCD1618765628009F4AB4 /* Build configuration list for PBXNativeTarget "京东商城" */;
			buildPhases = (
				10EFCCEF18765628009F4AB4 /* Sources */,
				10EFCCF018765628009F4AB4 /* Frameworks */,
				10EFCCF118765628009F4AB4 /* Resources */,
			);
			buildRules = (
			);
			dependencies = (
			);
			name = "京东商城";
			productName = "京东商城";
			productReference = 10EFCCF318765628009F4AB4 /* 京东商城.app */;
			productType = "com.apple.product-type.application";
		};
/* End PBXNativeTarget section */

/* Begin PBXProject section */
		10EFCCEB18765628009F4AB4 /* Project object */ = {
			isa = PBXProject;
			attributes = {
				LastUpgradeCheck = 0460;
				ORGANIZATIONNAME = "张太松";
			};
			buildConfigurationList = 10EFCCEE18765628009F4AB4 /* Build configuration list for PBXProject "京东商城" */;
			compatibilityVersion = "Xcode 3.2";
			developmentRegion = English;
			hasScannedForEncodings = 0;
			knownRegions = (
				en,
			);
			mainGroup = 10EFCCEA18765628009F4AB4;
			productRefGroup = 10EFCCF418765628009F4AB4 /* Products */;
			projectDirPath = "";
			projectRoot = "";
			targets = (
				10EFCCF218765628009F4AB4 /* 京东商城 */,
			);
		};
/* End PBXProject section */

/* Begin PBXResourcesBuildPhase section */
		10EFCCF118765628009F4AB4 /* Resources */ = {
			isa = PBXResourcesBuildPhase;
			buildActionMask = 2147483647;
			files = (
				10EFCD0118765628009F4AB4 /* InfoPlist.strings in Resources */,
				10EFCD0918765628009F4AB4 /* Default.png in Resources */,
				10EFCD0B18765628009F4AB4 /* Default@2x.png in Resources */,
				10EFCD0D18765628009F4AB4 /* Default-568h@2x.png in Resources */,
				10EFCD2718765719009F4AB4 /* JD_Home_Page.xib in Resources */,
				10EFCD4518765A95009F4AB4 /* icon_29x29.png in Resources */,
				10EFCD4618765A95009F4AB4 /* icon_58x58.png in Resources */,
				10EFCD4718765A95009F4AB4 /* icon_80x80.png in Resources */,
				10EFCD4818765A95009F4AB4 /* icon_120x120.png in Resources */,
				10EFCD4918765A95009F4AB4 /* icon-72.png in Resources */,
				10EFCD4A18765A95009F4AB4 /* icon.png in Resources */,
				10EFCD4B18765A95009F4AB4 /* icon@2x.png in Resources */,
				10EFCD87187694E4009F4AB4 /* JD_WelcomeView.xib in Resources */,
				10EFCD8F1876965E009F4AB4 /* JD_Search.xib in Resources */,
				10EFCD941876966D009F4AB4 /* JD_ShopCar.xib in Resources */,
				10EFCDAC18769DC7009F4AB4 /* tabBar_item0_1@2x.png in Resources */,
				10EFCDAE18769DD1009F4AB4 /* tabBar_item1_1@2x.png in Resources */,
				10EFCDB018769DE1009F4AB4 /* tabBar_item2_1@2x.png in Resources */,
				10EFCDB218769DED009F4AB4 /* tabBar_item3_1@2x.png in Resources */,
				10EFCDB418769DFD009F4AB4 /* tabBar_item4_1@2x.png in Resources */,
				10EF7F49187A987700762C73 /* Navigation.png in Resources */,
				100A99E7187CEBEB006487D8 /* JD_Goods.xib in Resources */,
				100A99EE187CEC91006487D8 /* JD_Goods_Info.xib in Resources */,
				100A99F3187CECB1006487D8 /* JD_Goods_Evaluate.xib in Resources */,
				100A99F9187D2301006487D8 /* car.png in Resources */,
				100A99FB187D247B006487D8 /* back.png in Resources */,
				1026237B187E710B00116DB2 /* into.png in Resources */,
				107FA174187E940400286CF8 /* self.png in Resources */,
				107FA177187E9E4600286CF8 /* title_back.png in Resources */,
				107FA178187E9E4600286CF8 /* title_back@2x.png in Resources */,
				1099C942187F8976005A2B81 /* JD_1.png in Resources */,
				1099C943187F8976005A2B81 /* JD_1@2x.png in Resources */,
				1099C953187F8A7A005A2B81 /* myjd_adress@2x.png in Resources */,
				1099C954187F8A7A005A2B81 /* myjd_allOrder@2x.png in Resources */,
				1099C955187F8A7A005A2B81 /* myjd_defalut_background.png in Resources */,
				1099C956187F8A7A005A2B81 /* myjd_defalut_background@2x.png in Resources */,
				1099C957187F8A7A005A2B81 /* myjd_head_background.png in Resources */,
				1099C958187F8A7A005A2B81 /* myjd_head_background@2x.png in Resources */,
				1099C959187F8A7A005A2B81 /* myjd_message@2x.png in Resources */,
				1099C95A187F8A7A005A2B81 /* myjd_orderStat@2x.png in Resources */,
				1099C95B187F8A7A005A2B81 /* myjd_returnWare@2x.png in Resources */,
				1099C95C187F8A7A005A2B81 /* myjd_share@2x.png in Resources */,
				1099C95D187F8A7A005A2B81 /* myjd_tbis@2x.png in Resources */,
				1099C95E187F8A7A005A2B81 /* myjd_waitOrder@2x.png in Resources */,
				1099C95F187F8A7A005A2B81 /* myjd_warehistory@2x.png in Resources */,
				1099C960187F8A7A005A2B81 /* myStow-icon@2x.png in Resources */,
				1099C964187F8A85005A2B81 /* Login.png in Resources */,
				1099C965187F8A85005A2B81 /* login@2x.png in Resources */,
				1099C966187F8A85005A2B81 /* myjd_accountSafe@2x.png in Resources */,
				1099C96F187F8A8B005A2B81 /* more_about@2x.png in Resources */,
				1099C970187F8A8B005A2B81 /* more_commend@2x.png in Resources */,
				1099C971187F8A8B005A2B81 /* more_feed@2x.png in Resources */,
				1099C972187F8A8B005A2B81 /* more_help@2x.png in Resources */,
				1099C973187F8A8B005A2B81 /* more_like@2x.png in Resources */,
				1099C974187F8A8B005A2B81 /* more_setting@2x.png in Resources */,
				1099C975187F8A8B005A2B81 /* more_update@2x.png in Resources */,
				1099C97C187F8A90005A2B81 /* checkbox_1.png in Resources */,
				1099C97D187F8A90005A2B81 /* checkbox_1@2x.png in Resources */,
				1099C97E187F8A90005A2B81 /* radiobox_0.png in Resources */,
				1099C97F187F8A90005A2B81 /* radiobox_0@2x.png in Resources */,
				1099C980187F8A90005A2B81 /* Register.png in Resources */,
				10432360187FD55A0095C3FD /* white.png in Resources */,
				101B188F1883E89C00D47DF8 /* rect_check1@2x.png in Resources */,
				101B18901883E89C00D47DF8 /* rect_check2@2x.png in Resources */,
				101B18911883E89C00D47DF8 /* round_check1@2x.png in Resources */,
				101B18921883E89C00D47DF8 /* round_check2@2x.png in Resources */,
				1017DA021886246E00AA9CB1 /* star_light.png in Resources */,
				1017DA031886246E00AA9CB1 /* star_light@2x.png in Resources */,
				1017DA041886246E00AA9CB1 /* star_dark.png in Resources */,
				1017DA051886246E00AA9CB1 /* star_dark@2x.png in Resources */,
				10DF34631888BE5100E7712F /* JD_Review.xib in Resources */,
				104140A2188CA7D1005B3BFB /* select.png in Resources */,
				104140A5188CC1B3005B3BFB /* delete.png in Resources */,
				104140A6188CC1B3005B3BFB /* more.png in Resources */,
				104140AC188CEB50005B3BFB /* 55.png in Resources */,
				104140AD188CEB50005B3BFB /* 44.png in Resources */,
				104140AE188CEB50005B3BFB /* 33.png in Resources */,
				104140AF188CEB50005B3BFB /* 22.png in Resources */,
				104140B0188CEB50005B3BFB /* 11.png in Resources */,
				104140B3188CED3E005B3BFB /* welcom.png in Resources */,
				104140B4188CED3E005B3BFB /* welcom@2x.png in Resources */,
				104140B8188CF332005B3BFB /* logo.jpg in Resources */,
				10916C7B188E0288006E20BA /* JD_AccountManage.xib in Resources */,
				10916C7D188E0288006E20BA /* AccountSafety.xib in Resources */,
				10916C7F188E0288006E20BA /* AllOrderFrom.xib in Resources */,
				10916C81188E0288006E20BA /* Orderetail.xib in Resources */,
				10916C83188E0288006E20BA /* GoodsEvaluationOrSingleOrder.xib in Resources */,
				10916C85188E0288006E20BA /* ObligationQuery.xib in Resources */,
				10916C87188E0288006E20BA /* OrderFromStateQuery.xib in Resources */,
				10916C89188E0288006E20BA /* ReturnGoods.xib in Resources */,
				10916C8B188E0288006E20BA /* subscribeTelServices.xib in Resources */,
				10916C8D188E0288006E20BA /* AddComment.xib in Resources */,
				10916C93188E0288006E20BA /* TakeDeliveryAddressManage.xib in Resources */,
				10916C95188E0288006E20BA /* JD_Login.xib in Resources */,
				10916C97188E0288006E20BA /* JD_Register.xib in Resources */,
				10916C99188E0288006E20BA /* MoreView.xib in Resources */,
				10916C9B188E0288006E20BA /* RetrievePassword.xib in Resources */,
				10916C9D188E0380006E20BA /* AccountSafety.png in Resources */,
				10916C9F188E039A006E20BA /* user_header_placeholder@2x.png in Resources */,
				10916CA4188E4A34006E20BA /* Goodsretail.xib in Resources */,
				104F9483188E4E66007C021D /* AddressInfoViewController.xib in Resources */,
			);
			runOnlyForDeploymentPostprocessing = 0;
		};
/* End PBXResourcesBuildPhase section */

/* Begin PBXSourcesBuildPhase section */
		10EFCCEF18765628009F4AB4 /* Sources */ = {
			isa = PBXSourcesBuildPhase;
			buildActionMask = 2147483647;
			files = (
				10EFCD0318765628009F4AB4 /* main.m in Sources */,
				10EFCD0718765628009F4AB4 /* AppDelegate.m in Sources */,
				10EFCD2618765719009F4AB4 /* JD_Home_Page.m in Sources */,
				10EFCD86187694E4009F4AB4 /* JD_WelcomeView.m in Sources */,
				10EFCD8E1876965E009F4AB4 /* JD_Search.m in Sources */,
				10EFCD931876966D009F4AB4 /* JD_ShopCar.m in Sources */,
				100A99DC187CE81B006487D8 /* JD_DataManager.m in Sources */,
				100A99E6187CEBEB006487D8 /* JD_Goods.m in Sources */,
				100A99ED187CEC91006487D8 /* JD_Goods_Info.m in Sources */,
				100A99F2187CECB1006487D8 /* JD_Goods_Evaluate.m in Sources */,
				1065D8D4187E30F40068D9B7 /* ASIAuthenticationDialog.m in Sources */,
				1065D8D5187E30F40068D9B7 /* ASIDataCompressor.m in Sources */,
				1065D8D6187E30F40068D9B7 /* ASIDataDecompressor.m in Sources */,
				1065D8D7187E30F40068D9B7 /* ASIDownloadCache.m in Sources */,
				1065D8D8187E30F40068D9B7 /* ASIFormDataRequest.m in Sources */,
				1065D8D9187E30F40068D9B7 /* ASIHTTPRequest.m in Sources */,
				1065D8DA187E30F40068D9B7 /* ASIInputStream.m in Sources */,
				1065D8DB187E30F40068D9B7 /* ASINetworkQueue.m in Sources */,
				1065D8DC187E30F40068D9B7 /* ASIWebPageRequest.m in Sources */,
				1065D8DD187E30F40068D9B7 /* Reachability.m in Sources */,
				1017DA08188624AF00AA9CB1 /* StarView.m in Sources */,
				1017DA0B188624C000AA9CB1 /* CustomView.m in Sources */,
				10DF34621888BE5100E7712F /* JD_Review.m in Sources */,
				109D68E6188D108B000F06AC /* JD_NetworkPrompt.m in Sources */,
				10916C7A188E0288006E20BA /* JD_AccountManage.m in Sources */,
				10916C7C188E0288006E20BA /* AccountSafety.m in Sources */,
				10916C7E188E0288006E20BA /* AllOrderFrom.m in Sources */,
				10916C80188E0288006E20BA /* Orderetail.m in Sources */,
				10916C82188E0288006E20BA /* GoodsEvaluationOrSingleOrder.m in Sources */,
				10916C84188E0288006E20BA /* ObligationQuery.m in Sources */,
				10916C86188E0288006E20BA /* OrderFromStateQuery.m in Sources */,
				10916C88188E0288006E20BA /* ReturnGoods.m in Sources */,
				10916C8A188E0288006E20BA /* subscribeTelServices.m in Sources */,
				10916C8C188E0288006E20BA /* AddComment.m in Sources */,
				10916C92188E0288006E20BA /* TakeDeliveryAddressManage.m in Sources */,
				10916C94188E0288006E20BA /* JD_Login.m in Sources */,
				10916C96188E0288006E20BA /* JD_Register.m in Sources */,
				10916C98188E0288006E20BA /* MoreView.m in Sources */,
				10916C9A188E0288006E20BA /* RetrievePassword.m in Sources */,
				10916CA3188E4A34006E20BA /* Goodsretail.m in Sources */,
				104F9482188E4E66007C021D /* AddressInfoViewController.m in Sources */,
			);
			runOnlyForDeploymentPostprocessing = 0;
		};
/* End PBXSourcesBuildPhase section */

/* Begin PBXVariantGroup section */
		10EFCCFF18765628009F4AB4 /* InfoPlist.strings */ = {
			isa = PBXVariantGroup;
			children = (
				10EFCD0018765628009F4AB4 /* en */,
			);
			name = InfoPlist.strings;
			sourceTree = "<group>";
		};
/* End PBXVariantGroup section */

/* Begin XCBuildConfiguration section */
		10EFCD1418765628009F4AB4 /* Debug */ = {
			isa = XCBuildConfiguration;
			buildSettings = {
				ALWAYS_SEARCH_USER_PATHS = NO;
				CLANG_CXX_LANGUAGE_STANDARD = "gnu++0x";
				CLANG_CXX_LIBRARY = "libc++";
				CLANG_WARN_CONSTANT_CONVERSION = YES;
				CLANG_WARN_EMPTY_BODY = YES;
				CLANG_WARN_ENUM_CONVERSION = YES;
				CLANG_WARN_INT_CONVERSION = YES;
				CLANG_WARN__DUPLICATE_METHOD_MATCH = YES;
				"CODE_SIGN_IDENTITY[sdk=iphoneos*]" = "iPhone Developer";
				COPY_PHASE_STRIP = NO;
				GCC_C_LANGUAGE_STANDARD = gnu99;
				GCC_DYNAMIC_NO_PIC = NO;
				GCC_OPTIMIZATION_LEVEL = 0;
				GCC_PREPROCESSOR_DEFINITIONS = (
					"DEBUG=1",
					"$(inherited)",
				);
				GCC_SYMBOLS_PRIVATE_EXTERN = NO;
				GCC_WARN_ABOUT_RETURN_TYPE = YES;
				GCC_WARN_UNINITIALIZED_AUTOS = YES;
				GCC_WARN_UNUSED_VARIABLE = YES;
				IPHONEOS_DEPLOYMENT_TARGET = 6.1;
				ONLY_ACTIVE_ARCH = YES;
				SDKROOT = iphoneos;
			};
			name = Debug;
		};
		10EFCD1518765628009F4AB4 /* Release */ = {
			isa = XCBuildConfiguration;
			buildSettings = {
				ALWAYS_SEARCH_USER_PATHS = NO;
				CLANG_CXX_LANGUAGE_STANDARD = "gnu++0x";
				CLANG_CXX_LIBRARY = "libc++";
				CLANG_WARN_CONSTANT_CONVERSION = YES;
				CLANG_WARN_EMPTY_BODY = YES;
				CLANG_WARN_ENUM_CONVERSION = YES;
				CLANG_WARN_INT_CONVERSION = YES;
				CLANG_WARN__DUPLICATE_METHOD_MATCH = YES;
				"CODE_SIGN_IDENTITY[sdk=iphoneos*]" = "iPhone Developer";
				COPY_PHASE_STRIP = YES;
				GCC_C_LANGUAGE_STANDARD = gnu99;
				GCC_WARN_ABOUT_RETURN_TYPE = YES;
				GCC_WARN_UNINITIALIZED_AUTOS = YES;
				GCC_WARN_UNUSED_VARIABLE = YES;
				IPHONEOS_DEPLOYMENT_TARGET = 6.1;
				OTHER_CFLAGS = "-DNS_BLOCK_ASSERTIONS=1";
				SDKROOT = iphoneos;
				VALIDATE_PRODUCT = YES;
			};
			name = Release;
		};
		10EFCD1718765628009F4AB4 /* Debug */ = {
			isa = XCBuildConfiguration;
			buildSettings = {
				GCC_PRECOMPILE_PREFIX_HEADER = YES;
				GCC_PREFIX_HEADER = "京东商城/京东商城-Prefix.pch";
				HEADER_SEARCH_PATHS = /usr/include/libxml2;
				INFOPLIST_FILE = "京东商城/京东商城-Info.plist";
				PRODUCT_NAME = "$(TARGET_NAME)";
				WRAPPER_EXTENSION = app;
			};
			name = Debug;
		};
		10EFCD1818765628009F4AB4 /* Release */ = {
			isa = XCBuildConfiguration;
			buildSettings = {
				GCC_PRECOMPILE_PREFIX_HEADER = YES;
				GCC_PREFIX_HEADER = "京东商城/京东商城-Prefix.pch";
				HEADER_SEARCH_PATHS = /usr/include/libxml2;
				INFOPLIST_FILE = "京东商城/京东商城-Info.plist";
				PRODUCT_NAME = "$(TARGET_NAME)";
				WRAPPER_EXTENSION = app;
			};
			name = Release;
		};
/* End XCBuildConfiguration section */

/* Begin XCConfigurationList section */
		10EFCCEE18765628009F4AB4 /* Build configuration list for PBXProject "京东商城" */ = {
			isa = XCConfigurationList;
			buildConfigurations = (
				10EFCD1418765628009F4AB4 /* Debug */,
				10EFCD1518765628009F4AB4 /* Release */,
			);
			defaultConfigurationIsVisible = 0;
			defaultConfigurationName = Release;
		};
		10EFCD1618765628009F4AB4 /* Build configuration list for PBXNativeTarget "京东商城" */ = {
			isa = XCConfigurationList;
			buildConfigurations = (
				10EFCD1718765628009F4AB4 /* Debug */,
				10EFCD1818765628009F4AB4 /* Release */,
			);
			defaultConfigurationIsVisible = 0;
			defaultConfigurationName = Release;
		};
/* End XCConfigurationList section */
	};
	rootObject = 10EFCCEB18765628009F4AB4 /* Project object */;
}
